// !$*UTF8*$!
{
	archiveVersion = 1;
	classes = {
	};
	objectVersion = 55;
	objects = {

/* Begin PBXBuildFile section */
		8A01FED828C2706A0071978F /* CurrentWidgetSession.swift in Sources */ = {isa = PBXBuildFile; fileRef = 8A01FED728C2706A0071978F /* CurrentWidgetSession.swift */; };
		8A01FED928C272ED0071978F /* CurrentWidgetSession.swift in Sources */ = {isa = PBXBuildFile; fileRef = 8A01FED728C2706A0071978F /* CurrentWidgetSession.swift */; };
		8A01FEE328C290190071978F /* Assets.xcassets in Resources */ = {isa = PBXBuildFile; fileRef = 8A01FEE128C290190071978F /* Assets.xcassets */; };
		8A09F0D528CF0BA90069DCDC /* MainViewModelTests.swift in Sources */ = {isa = PBXBuildFile; fileRef = 8A09F0D428CF0BA90069DCDC /* MainViewModelTests.swift */; };
		8A09F0D728CF0BB40069DCDC /* GameAPITests.swift in Sources */ = {isa = PBXBuildFile; fileRef = 8A09F0D628CF0BB40069DCDC /* GameAPITests.swift */; };
		8A0FAD7628D05B8D007F60ED /* MainViewControllerTests.swift in Sources */ = {isa = PBXBuildFile; fileRef = 8A0FAD7528D05B8D007F60ED /* MainViewControllerTests.swift */; };
		8A0FAD7828D07901007F60ED /* TestPersistenceStore.swift in Sources */ = {isa = PBXBuildFile; fileRef = 8A0FAD7728D07901007F60ED /* TestPersistenceStore.swift */; };
		8A2A24F628C3215D00C47C27 /* Color+Accent.swift in Sources */ = {isa = PBXBuildFile; fileRef = 8A2A24F528C3215D00C47C27 /* Color+Accent.swift */; };
		8A2A24F728C3215D00C47C27 /* Color+Accent.swift in Sources */ = {isa = PBXBuildFile; fileRef = 8A2A24F528C3215D00C47C27 /* Color+Accent.swift */; };
		8A2A24F828C3244A00C47C27 /* UsedWordsProgressView.swift in Sources */ = {isa = PBXBuildFile; fileRef = 8A9202FC28C1FDA8008AF8EA /* UsedWordsProgressView.swift */; };
		8A357E9928CD360C00C511F1 /* ShowModal-EnvironmentKey.swift in Sources */ = {isa = PBXBuildFile; fileRef = 8A357E9828CD360C00C511F1 /* ShowModal-EnvironmentKey.swift */; };
		8A3A344028CE507B006439AC /* LegalNoticeView.swift in Sources */ = {isa = PBXBuildFile; fileRef = 8A3A343F28CE507B006439AC /* LegalNoticeView.swift */; };
		8A3F79D528AC59810058A272 /* possibleWordsEN.txt in Resources */ = {isa = PBXBuildFile; fileRef = 8A3F79D428AC59810058A272 /* possibleWordsEN.txt */; };
		8A3F79DE28ACE42C0058A272 /* SessionService.swift in Sources */ = {isa = PBXBuildFile; fileRef = 8A3F79DD28ACE42C0058A272 /* SessionService.swift */; };
		8A40C1EB28C9EDD6000971E4 /* ShareSessionButton.swift in Sources */ = {isa = PBXBuildFile; fileRef = 8A40C1EA28C9EDD6000971E4 /* ShareSessionButton.swift */; };
		8A40C1F328CA38D7000971E4 /* HighscoreListRowView.swift in Sources */ = {isa = PBXBuildFile; fileRef = 8A40C1F228CA38D7000971E4 /* HighscoreListRowView.swift */; };
		8A41A52828C4AB6A0056662C /* WordService.swift in Sources */ = {isa = PBXBuildFile; fileRef = 8A41A52728C4AB6A0056662C /* WordService.swift */; };
		8A45C1DE28BB909500A136CC /* MenuView.swift in Sources */ = {isa = PBXBuildFile; fileRef = 8A45C1DD28BB909500A136CC /* MenuView.swift */; };
		8A45C1E028BB977400A136CC /* RoundedNavigationTitle-ViewModifier.swift in Sources */ = {isa = PBXBuildFile; fileRef = 8A45C1DF28BB977400A136CC /* RoundedNavigationTitle-ViewModifier.swift */; };
		8A45C1E328BBC30700A136CC /* PresentAlert-ViewModifier.swift in Sources */ = {isa = PBXBuildFile; fileRef = 8A45C1E228BBC30700A136CC /* PresentAlert-ViewModifier.swift */; };
		8A4941E428CFB216000BC0E1 /* AccessoryCircularView.swift in Sources */ = {isa = PBXBuildFile; fileRef = 8A4941E328CFB216000BC0E1 /* AccessoryCircularView.swift */; };
		8A4941E628CFB6DB000BC0E1 /* AccessoryRectangularView.swift in Sources */ = {isa = PBXBuildFile; fileRef = 8A4941E528CFB6DB000BC0E1 /* AccessoryRectangularView.swift */; };
		8A4A612E28BD406600EA126A /* Collection+Safe.swift in Sources */ = {isa = PBXBuildFile; fileRef = 8A4A612D28BD406600EA126A /* Collection+Safe.swift */; };
		8A4C4C8828BC327F00B643D1 /* success.wav in Resources */ = {isa = PBXBuildFile; fileRef = 8A4C4C8628BC327F00B643D1 /* success.wav */; };
		8A4C4C8928BC327F00B643D1 /* error.wav in Resources */ = {isa = PBXBuildFile; fileRef = 8A4C4C8728BC327F00B643D1 /* error.wav */; };
		8A4C4C8C28BC34F800B643D1 /* SoundType.swift in Sources */ = {isa = PBXBuildFile; fileRef = 8A4C4C8B28BC34F800B643D1 /* SoundType.swift */; };
		8A5D2A0928C7C8CE008898E0 /* MainViewModel.swift in Sources */ = {isa = PBXBuildFile; fileRef = 8A5D2A0828C7C8CE008898E0 /* MainViewModel.swift */; };
		8A62106D28C8AE2200C8F1A7 /* EndSessionView.swift in Sources */ = {isa = PBXBuildFile; fileRef = 8A62106C28C8AE2200C8F1A7 /* EndSessionView.swift */; };
		8A62106F28C8E32B00C8F1A7 /* UIFont+Weight.swift in Sources */ = {isa = PBXBuildFile; fileRef = 8A62106E28C8E32B00C8F1A7 /* UIFont+Weight.swift */; };
		8A6703C928A9A77000BBF5F1 /* MainView.swift in Sources */ = {isa = PBXBuildFile; fileRef = 8A6703C828A9A77000BBF5F1 /* MainView.swift */; };
		8A6703CB28A9B32900BBF5F1 /* Constants.swift in Sources */ = {isa = PBXBuildFile; fileRef = 8A6703CA28A9B32900BBF5F1 /* Constants.swift */; };
		8A67A10F28D202C3002BF073 /* SnapshotHelper.swift in Sources */ = {isa = PBXBuildFile; fileRef = 8A67A10E28D202C3002BF073 /* SnapshotHelper.swift */; };
		8A70BEC028AB7C4000455FF1 /* OnboardingViewController.swift in Sources */ = {isa = PBXBuildFile; fileRef = 8A70BEBF28AB7C4000455FF1 /* OnboardingViewController.swift */; };
		8A73D73528C0DBD6000F81CA /* possibleWordsDE.txt in Resources */ = {isa = PBXBuildFile; fileRef = 8A73D73228C0DBD6000F81CA /* possibleWordsDE.txt */; };
		8A73D73828C0DE3F000F81CA /* basewordsDE.txt in Resources */ = {isa = PBXBuildFile; fileRef = 8A73D73628C0DE3F000F81CA /* basewordsDE.txt */; };
		8A73D73928C0DE3F000F81CA /* basewordsEN.txt in Resources */ = {isa = PBXBuildFile; fileRef = 8A73D73728C0DE3F000F81CA /* basewordsEN.txt */; };
		8A78F3A528AE5C2900DFA6D5 /* WordError.swift in Sources */ = {isa = PBXBuildFile; fileRef = 8A78F3A428AE5C2900DFA6D5 /* WordError.swift */; };
		8A78F3B128AE928C00DFA6D5 /* OnboardingPageViewController.swift in Sources */ = {isa = PBXBuildFile; fileRef = 8A78F3B028AE928C00DFA6D5 /* OnboardingPageViewController.swift */; };
		8A78F3B728AEBD6A00DFA6D5 /* Localizable.strings in Resources */ = {isa = PBXBuildFile; fileRef = 8A78F3B928AEBD6A00DFA6D5 /* Localizable.strings */; };
		8A78F3BD28AEBFCD00DFA6D5 /* L10n.swift in Sources */ = {isa = PBXBuildFile; fileRef = 8A78F3BC28AEBFCD00DFA6D5 /* L10n.swift */; };
		8A794FD928B938AB00BC9CE5 /* GameType.swift in Sources */ = {isa = PBXBuildFile; fileRef = 8A794FD828B938AB00BC9CE5 /* GameType.swift */; };
		8A85AD2B28BDF3AF007FF4BF /* Divider.swift in Sources */ = {isa = PBXBuildFile; fileRef = 8A85AD2A28BDF3AF007FF4BF /* Divider.swift */; };
		8A87110E28B281C5004F299F /* PersistenceController.swift in Sources */ = {isa = PBXBuildFile; fileRef = 8A87110D28B281C5004F299F /* PersistenceController.swift */; };
		8A87111228B28216004F299F /* eightLttrs.xcdatamodeld in Sources */ = {isa = PBXBuildFile; fileRef = 8A87111028B28216004F299F /* eightLttrs.xcdatamodeld */; };
		8A87111628B28322004F299F /* Session+CoreDataClass.swift in Sources */ = {isa = PBXBuildFile; fileRef = 8A87111428B28322004F299F /* Session+CoreDataClass.swift */; };
		8A87CC4328B4185900A9643B /* Localizable.stringsdict in Resources */ = {isa = PBXBuildFile; fileRef = 8A87CC4028B4185900A9643B /* Localizable.stringsdict */; };
		8A9202FB28C1FD3D008AF8EA /* SmallSizeView.swift in Sources */ = {isa = PBXBuildFile; fileRef = 8A9202FA28C1FD3D008AF8EA /* SmallSizeView.swift */; };
		8A9202FD28C1FDA8008AF8EA /* UsedWordsProgressView.swift in Sources */ = {isa = PBXBuildFile; fileRef = 8A9202FC28C1FDA8008AF8EA /* UsedWordsProgressView.swift */; };
		8A9202FF28C217F5008AF8EA /* WSLocale.swift in Sources */ = {isa = PBXBuildFile; fileRef = 8A9202FE28C217F5008AF8EA /* WSLocale.swift */; };
		8A92030528C265E4008AF8EA /* WSLocale.swift in Sources */ = {isa = PBXBuildFile; fileRef = 8A9202FE28C217F5008AF8EA /* WSLocale.swift */; };
		8A92030628C26673008AF8EA /* Constants.swift in Sources */ = {isa = PBXBuildFile; fileRef = 8A6703CA28A9B32900BBF5F1 /* Constants.swift */; };
		8A92030728C26690008AF8EA /* String+CalculatedScore.swift in Sources */ = {isa = PBXBuildFile; fileRef = 8A99A32028B524DC00E5ABBF /* String+CalculatedScore.swift */; };
		8A92030828C26699008AF8EA /* Array+Permute.swift in Sources */ = {isa = PBXBuildFile; fileRef = 8ACF524F28BAD985008728BB /* Array+Permute.swift */; };
		8A92030928C26699008AF8EA /* Collection+Safe.swift in Sources */ = {isa = PBXBuildFile; fileRef = 8A4A612D28BD406600EA126A /* Collection+Safe.swift */; };
		8A92030A28C26783008AF8EA /* L10n.swift in Sources */ = {isa = PBXBuildFile; fileRef = 8A78F3BC28AEBFCD00DFA6D5 /* L10n.swift */; };
		8A92030B28C26786008AF8EA /* Localizable.stringsdict in Resources */ = {isa = PBXBuildFile; fileRef = 8A87CC4028B4185900A9643B /* Localizable.stringsdict */; };
		8A92030C28C26789008AF8EA /* Localizable.strings in Resources */ = {isa = PBXBuildFile; fileRef = 8A78F3B928AEBD6A00DFA6D5 /* Localizable.strings */; };
		8A99A32128B524DC00E5ABBF /* String+CalculatedScore.swift in Sources */ = {isa = PBXBuildFile; fileRef = 8A99A32028B524DC00E5ABBF /* String+CalculatedScore.swift */; };
		8A9C880928CDBE0D0062FA6F /* SessionDetailChartView.swift in Sources */ = {isa = PBXBuildFile; fileRef = 8A9C880828CDBE0D0062FA6F /* SessionDetailChartView.swift */; };
		8AAC5C7F28C875BF00AF66F6 /* UITextField+Publisher.swift in Sources */ = {isa = PBXBuildFile; fileRef = 8AAC5C7E28C875BF00AF66F6 /* UITextField+Publisher.swift */; };
		8AB2626A28CE89DD00307D97 /* SessionServiceTests.swift in Sources */ = {isa = PBXBuildFile; fileRef = 8AB2626928CE89DD00307D97 /* SessionServiceTests.swift */; };
		8AB2DEE428B7F21A00F165B9 /* icon.png in Resources */ = {isa = PBXBuildFile; fileRef = 8AB2DEE328B7F21A00F165B9 /* icon.png */; };
		8ABED74728C1E333003457FD /* WidgetKit.framework in Frameworks */ = {isa = PBXBuildFile; fileRef = 8A6A3B8528C09FEF00A409E3 /* WidgetKit.framework */; };
		8ABED74828C1E333003457FD /* SwiftUI.framework in Frameworks */ = {isa = PBXBuildFile; fileRef = 8A6A3B8728C09FEF00A409E3 /* SwiftUI.framework */; };
		8ABED74B28C1E333003457FD /* eightLttrsWidget.swift in Sources */ = {isa = PBXBuildFile; fileRef = 8ABED74A28C1E333003457FD /* eightLttrsWidget.swift */; };
		8ABED75128C1E333003457FD /* eightLttrsWidgetExtension.appex in Embed Foundation Extensions */ = {isa = PBXBuildFile; fileRef = 8ABED74628C1E332003457FD /* eightLttrsWidgetExtension.appex */; settings = {ATTRIBUTES = (RemoveHeadersOnCopy, ); }; };
		8ABED75628C1E458003457FD /* Provider.swift in Sources */ = {isa = PBXBuildFile; fileRef = 8ABED75528C1E458003457FD /* Provider.swift */; };
		8ABED75828C1E471003457FD /* SimpleEntry.swift in Sources */ = {isa = PBXBuildFile; fileRef = 8ABED75728C1E471003457FD /* SimpleEntry.swift */; };
		8ABED75A28C1E4AA003457FD /* WidgetView.swift in Sources */ = {isa = PBXBuildFile; fileRef = 8ABED75928C1E4AA003457FD /* WidgetView.swift */; };
		8ABED75C28C1E65D003457FD /* MediumSizeView.swift in Sources */ = {isa = PBXBuildFile; fileRef = 8ABED75B28C1E65D003457FD /* MediumSizeView.swift */; };
		8ABFC55E28B6162500ACC064 /* HapticsManager.swift in Sources */ = {isa = PBXBuildFile; fileRef = 8ABFC55D28B6162500ACC064 /* HapticsManager.swift */; };
		8AC3AAB728C1F34E004C355A /* VerticalAlignment+Extension.swift in Sources */ = {isa = PBXBuildFile; fileRef = 8AC3AAB628C1F34E004C355A /* VerticalAlignment+Extension.swift */; };
		8ACF20A028C9BDA100B78DCE /* DeeplinkHandlerProtocol.swift in Sources */ = {isa = PBXBuildFile; fileRef = 8ACF209F28C9BDA100B78DCE /* DeeplinkHandlerProtocol.swift */; };
		8ACF20A428C9BDE300B78DCE /* DeeplinkCoordinator.swift in Sources */ = {isa = PBXBuildFile; fileRef = 8ACF20A328C9BDE300B78DCE /* DeeplinkCoordinator.swift */; };
		8ACF20A628C9BF0900B78DCE /* SharedSessionDeeplinkHandler.swift in Sources */ = {isa = PBXBuildFile; fileRef = 8ACF20A528C9BF0900B78DCE /* SharedSessionDeeplinkHandler.swift */; };
		8ACF525028BAD985008728BB /* Array+Permute.swift in Sources */ = {isa = PBXBuildFile; fileRef = 8ACF524F28BAD985008728BB /* Array+Permute.swift */; };
		8AD9610B28B3C9B600F443FB /* BasicTextField.swift in Sources */ = {isa = PBXBuildFile; fileRef = 8AD9610A28B3C9B600F443FB /* BasicTextField.swift */; };
		8ADAB27128A5911C0083E028 /* AppDelegate.swift in Sources */ = {isa = PBXBuildFile; fileRef = 8ADAB27028A5911C0083E028 /* AppDelegate.swift */; };
		8ADAB27328A5911C0083E028 /* SceneDelegate.swift in Sources */ = {isa = PBXBuildFile; fileRef = 8ADAB27228A5911C0083E028 /* SceneDelegate.swift */; };
		8ADAB27528A5911C0083E028 /* MainViewController.swift in Sources */ = {isa = PBXBuildFile; fileRef = 8ADAB27428A5911C0083E028 /* MainViewController.swift */; };
		8ADAB27A28A5911D0083E028 /* Assets.xcassets in Resources */ = {isa = PBXBuildFile; fileRef = 8ADAB27928A5911D0083E028 /* Assets.xcassets */; };
		8ADAB28828A5911D0083E028 /* WordServiceTests.swift in Sources */ = {isa = PBXBuildFile; fileRef = 8ADAB28728A5911D0083E028 /* WordServiceTests.swift */; };
		8ADAB29228A5911D0083E028 /* WordScrambleUITests.swift in Sources */ = {isa = PBXBuildFile; fileRef = 8ADAB29128A5911D0083E028 /* WordScrambleUITests.swift */; };
		8ADAB29428A5911E0083E028 /* WordScrambleUITestsLaunchTests.swift in Sources */ = {isa = PBXBuildFile; fileRef = 8ADAB29328A5911E0083E028 /* WordScrambleUITestsLaunchTests.swift */; };
		8ADAB2A528A5941B0083E028 /* GameAPI.swift in Sources */ = {isa = PBXBuildFile; fileRef = 8ADAB2A428A5941B0083E028 /* GameAPI.swift */; };
		8AE9627E28C718ED00FBD9FE /* UIAlertController+PresendAC.swift in Sources */ = {isa = PBXBuildFile; fileRef = 8AE9627D28C718ED00FBD9FE /* UIAlertController+PresendAC.swift */; };
		8AF14FE028BF8D3D00AB6646 /* SessionDetailView.swift in Sources */ = {isa = PBXBuildFile; fileRef = 8AF14FDF28BF8D3D00AB6646 /* SessionDetailView.swift */; };
		8AF14FE228BF9E6F00AB6646 /* HighscoreListView.swift in Sources */ = {isa = PBXBuildFile; fileRef = 8AF14FE128BF9E6F00AB6646 /* HighscoreListView.swift */; };
/* End PBXBuildFile section */

/* Begin PBXContainerItemProxy section */
		8ABED74F28C1E333003457FD /* PBXContainerItemProxy */ = {
			isa = PBXContainerItemProxy;
			containerPortal = 8ADAB26528A5911C0083E028 /* Project object */;
			proxyType = 1;
			remoteGlobalIDString = 8ABED74528C1E332003457FD;
			remoteInfo = WordScrambleWidgetExtension;
		};
		8ADAB28428A5911D0083E028 /* PBXContainerItemProxy */ = {
			isa = PBXContainerItemProxy;
			containerPortal = 8ADAB26528A5911C0083E028 /* Project object */;
			proxyType = 1;
			remoteGlobalIDString = 8ADAB26C28A5911C0083E028;
			remoteInfo = WordScramble;
		};
		8ADAB28E28A5911D0083E028 /* PBXContainerItemProxy */ = {
			isa = PBXContainerItemProxy;
			containerPortal = 8ADAB26528A5911C0083E028 /* Project object */;
			proxyType = 1;
			remoteGlobalIDString = 8ADAB26C28A5911C0083E028;
			remoteInfo = WordScramble;
		};
/* End PBXContainerItemProxy section */

/* Begin PBXCopyFilesBuildPhase section */
		8A6A3B9228C09FF000A409E3 /* Embed Foundation Extensions */ = {
			isa = PBXCopyFilesBuildPhase;
			buildActionMask = 2147483647;
			dstPath = "";
			dstSubfolderSpec = 13;
			files = (
				8ABED75128C1E333003457FD /* eightLttrsWidgetExtension.appex in Embed Foundation Extensions */,
			);
			name = "Embed Foundation Extensions";
			runOnlyForDeploymentPostprocessing = 0;
		};
/* End PBXCopyFilesBuildPhase section */

/* Begin PBXFileReference section */
		8A01FED528C26D940071978F /* eightLttrs.entitlements */ = {isa = PBXFileReference; lastKnownFileType = text.plist.entitlements; path = eightLttrs.entitlements; sourceTree = "<group>"; };
		8A01FED728C2706A0071978F /* CurrentWidgetSession.swift */ = {isa = PBXFileReference; lastKnownFileType = sourcecode.swift; path = CurrentWidgetSession.swift; sourceTree = "<group>"; };
		8A01FEE128C290190071978F /* Assets.xcassets */ = {isa = PBXFileReference; lastKnownFileType = folder.assetcatalog; path = Assets.xcassets; sourceTree = "<group>"; };
		8A09F0D428CF0BA90069DCDC /* MainViewModelTests.swift */ = {isa = PBXFileReference; lastKnownFileType = sourcecode.swift; path = MainViewModelTests.swift; sourceTree = "<group>"; };
		8A09F0D628CF0BB40069DCDC /* GameAPITests.swift */ = {isa = PBXFileReference; lastKnownFileType = sourcecode.swift; path = GameAPITests.swift; sourceTree = "<group>"; };
		8A0FAD7528D05B8D007F60ED /* MainViewControllerTests.swift */ = {isa = PBXFileReference; lastKnownFileType = sourcecode.swift; path = MainViewControllerTests.swift; sourceTree = "<group>"; };
		8A0FAD7728D07901007F60ED /* TestPersistenceStore.swift */ = {isa = PBXFileReference; lastKnownFileType = sourcecode.swift; path = TestPersistenceStore.swift; sourceTree = "<group>"; };
		8A2A24F528C3215D00C47C27 /* Color+Accent.swift */ = {isa = PBXFileReference; lastKnownFileType = sourcecode.swift; path = "Color+Accent.swift"; sourceTree = "<group>"; };
		8A357E9828CD360C00C511F1 /* ShowModal-EnvironmentKey.swift */ = {isa = PBXFileReference; fileEncoding = 4; lastKnownFileType = sourcecode.swift; path = "ShowModal-EnvironmentKey.swift"; sourceTree = "<group>"; };
		8A3A343F28CE507B006439AC /* LegalNoticeView.swift */ = {isa = PBXFileReference; lastKnownFileType = sourcecode.swift; path = LegalNoticeView.swift; sourceTree = "<group>"; };
		8A3F79D428AC59810058A272 /* possibleWordsEN.txt */ = {isa = PBXFileReference; fileEncoding = 4; lastKnownFileType = text; path = possibleWordsEN.txt; sourceTree = "<group>"; };
		8A3F79DD28ACE42C0058A272 /* SessionService.swift */ = {isa = PBXFileReference; lastKnownFileType = sourcecode.swift; path = SessionService.swift; sourceTree = "<group>"; };
		8A40C1EA28C9EDD6000971E4 /* ShareSessionButton.swift */ = {isa = PBXFileReference; lastKnownFileType = sourcecode.swift; path = ShareSessionButton.swift; sourceTree = "<group>"; };
		8A40C1F228CA38D7000971E4 /* HighscoreListRowView.swift */ = {isa = PBXFileReference; lastKnownFileType = sourcecode.swift; path = HighscoreListRowView.swift; sourceTree = "<group>"; };
		8A41A52728C4AB6A0056662C /* WordService.swift */ = {isa = PBXFileReference; lastKnownFileType = sourcecode.swift; path = WordService.swift; sourceTree = "<group>"; };
		8A45C1DD28BB909500A136CC /* MenuView.swift */ = {isa = PBXFileReference; lastKnownFileType = sourcecode.swift; path = MenuView.swift; sourceTree = "<group>"; };
		8A45C1DF28BB977400A136CC /* RoundedNavigationTitle-ViewModifier.swift */ = {isa = PBXFileReference; lastKnownFileType = sourcecode.swift; path = "RoundedNavigationTitle-ViewModifier.swift"; sourceTree = "<group>"; };
		8A45C1E228BBC30700A136CC /* PresentAlert-ViewModifier.swift */ = {isa = PBXFileReference; lastKnownFileType = sourcecode.swift; path = "PresentAlert-ViewModifier.swift"; sourceTree = "<group>"; };
		8A4941E328CFB216000BC0E1 /* AccessoryCircularView.swift */ = {isa = PBXFileReference; lastKnownFileType = sourcecode.swift; path = AccessoryCircularView.swift; sourceTree = "<group>"; };
		8A4941E528CFB6DB000BC0E1 /* AccessoryRectangularView.swift */ = {isa = PBXFileReference; lastKnownFileType = sourcecode.swift; path = AccessoryRectangularView.swift; sourceTree = "<group>"; };
		8A4A612D28BD406600EA126A /* Collection+Safe.swift */ = {isa = PBXFileReference; lastKnownFileType = sourcecode.swift; path = "Collection+Safe.swift"; sourceTree = "<group>"; };
		8A4C4C8628BC327F00B643D1 /* success.wav */ = {isa = PBXFileReference; lastKnownFileType = audio.wav; path = success.wav; sourceTree = "<group>"; };
		8A4C4C8728BC327F00B643D1 /* error.wav */ = {isa = PBXFileReference; lastKnownFileType = audio.wav; path = error.wav; sourceTree = "<group>"; };
		8A4C4C8B28BC34F800B643D1 /* SoundType.swift */ = {isa = PBXFileReference; lastKnownFileType = sourcecode.swift; path = SoundType.swift; sourceTree = "<group>"; };
		8A5D2A0828C7C8CE008898E0 /* MainViewModel.swift */ = {isa = PBXFileReference; lastKnownFileType = sourcecode.swift; path = MainViewModel.swift; sourceTree = "<group>"; };
		8A62106C28C8AE2200C8F1A7 /* EndSessionView.swift */ = {isa = PBXFileReference; lastKnownFileType = sourcecode.swift; path = EndSessionView.swift; sourceTree = "<group>"; };
		8A62106E28C8E32B00C8F1A7 /* UIFont+Weight.swift */ = {isa = PBXFileReference; lastKnownFileType = sourcecode.swift; path = "UIFont+Weight.swift"; sourceTree = "<group>"; };
		8A6703C828A9A77000BBF5F1 /* MainView.swift */ = {isa = PBXFileReference; lastKnownFileType = sourcecode.swift; path = MainView.swift; sourceTree = "<group>"; };
		8A6703CA28A9B32900BBF5F1 /* Constants.swift */ = {isa = PBXFileReference; lastKnownFileType = sourcecode.swift; path = Constants.swift; sourceTree = "<group>"; };
		8A67A10E28D202C3002BF073 /* SnapshotHelper.swift */ = {isa = PBXFileReference; fileEncoding = 4; lastKnownFileType = sourcecode.swift; name = SnapshotHelper.swift; path = fastlane/SnapshotHelper.swift; sourceTree = SOURCE_ROOT; };
		8A6A3B8528C09FEF00A409E3 /* WidgetKit.framework */ = {isa = PBXFileReference; lastKnownFileType = wrapper.framework; name = WidgetKit.framework; path = System/Library/Frameworks/WidgetKit.framework; sourceTree = SDKROOT; };
		8A6A3B8728C09FEF00A409E3 /* SwiftUI.framework */ = {isa = PBXFileReference; lastKnownFileType = wrapper.framework; name = SwiftUI.framework; path = System/Library/Frameworks/SwiftUI.framework; sourceTree = SDKROOT; };
		8A70BEBF28AB7C4000455FF1 /* OnboardingViewController.swift */ = {isa = PBXFileReference; lastKnownFileType = sourcecode.swift; path = OnboardingViewController.swift; sourceTree = "<group>"; };
		8A73D73228C0DBD6000F81CA /* possibleWordsDE.txt */ = {isa = PBXFileReference; fileEncoding = 4; lastKnownFileType = text; path = possibleWordsDE.txt; sourceTree = "<group>"; };
		8A73D73628C0DE3F000F81CA /* basewordsDE.txt */ = {isa = PBXFileReference; fileEncoding = 4; lastKnownFileType = text; path = basewordsDE.txt; sourceTree = "<group>"; };
		8A73D73728C0DE3F000F81CA /* basewordsEN.txt */ = {isa = PBXFileReference; fileEncoding = 4; lastKnownFileType = text; path = basewordsEN.txt; sourceTree = "<group>"; };
		8A78F3A428AE5C2900DFA6D5 /* WordError.swift */ = {isa = PBXFileReference; lastKnownFileType = sourcecode.swift; path = WordError.swift; sourceTree = "<group>"; };
		8A78F3B028AE928C00DFA6D5 /* OnboardingPageViewController.swift */ = {isa = PBXFileReference; lastKnownFileType = sourcecode.swift; path = OnboardingPageViewController.swift; sourceTree = "<group>"; };
		8A78F3B828AEBD6A00DFA6D5 /* en */ = {isa = PBXFileReference; lastKnownFileType = text.plist.strings; name = en; path = en.lproj/Localizable.strings; sourceTree = "<group>"; };
		8A78F3BB28AEBD9200DFA6D5 /* de */ = {isa = PBXFileReference; lastKnownFileType = text.plist.strings; name = de; path = de.lproj/Localizable.strings; sourceTree = "<group>"; };
		8A78F3BC28AEBFCD00DFA6D5 /* L10n.swift */ = {isa = PBXFileReference; fileEncoding = 4; lastKnownFileType = sourcecode.swift; path = L10n.swift; sourceTree = "<group>"; };
		8A79305228CD4CCF0020EC3B /* eightLttrsWidgetExtension.entitlements */ = {isa = PBXFileReference; fileEncoding = 4; lastKnownFileType = text.plist.entitlements; path = eightLttrsWidgetExtension.entitlements; sourceTree = "<group>"; };
		8A794FD828B938AB00BC9CE5 /* GameType.swift */ = {isa = PBXFileReference; lastKnownFileType = sourcecode.swift; path = GameType.swift; sourceTree = "<group>"; };
		8A85AD2A28BDF3AF007FF4BF /* Divider.swift */ = {isa = PBXFileReference; lastKnownFileType = sourcecode.swift; path = Divider.swift; sourceTree = "<group>"; };
		8A87110D28B281C5004F299F /* PersistenceController.swift */ = {isa = PBXFileReference; lastKnownFileType = sourcecode.swift; path = PersistenceController.swift; sourceTree = "<group>"; };
		8A87111128B28216004F299F /* WordScramble.xcdatamodel */ = {isa = PBXFileReference; lastKnownFileType = wrapper.xcdatamodel; path = WordScramble.xcdatamodel; sourceTree = "<group>"; };
		8A87111428B28322004F299F /* Session+CoreDataClass.swift */ = {isa = PBXFileReference; lastKnownFileType = sourcecode.swift; path = "Session+CoreDataClass.swift"; sourceTree = "<group>"; };
		8A87CC4128B4185900A9643B /* en */ = {isa = PBXFileReference; lastKnownFileType = text.plist.stringsdict; name = en; path = en.lproj/Localizable.stringsdict; sourceTree = "<group>"; };
		8A87CC4228B4185900A9643B /* de */ = {isa = PBXFileReference; lastKnownFileType = text.plist.stringsdict; name = de; path = de.lproj/Localizable.stringsdict; sourceTree = "<group>"; };
		8A9202FA28C1FD3D008AF8EA /* SmallSizeView.swift */ = {isa = PBXFileReference; lastKnownFileType = sourcecode.swift; path = SmallSizeView.swift; sourceTree = "<group>"; };
		8A9202FC28C1FDA8008AF8EA /* UsedWordsProgressView.swift */ = {isa = PBXFileReference; lastKnownFileType = sourcecode.swift; path = UsedWordsProgressView.swift; sourceTree = "<group>"; };
		8A9202FE28C217F5008AF8EA /* WSLocale.swift */ = {isa = PBXFileReference; lastKnownFileType = sourcecode.swift; path = WSLocale.swift; sourceTree = "<group>"; };
		8A99A32028B524DC00E5ABBF /* String+CalculatedScore.swift */ = {isa = PBXFileReference; lastKnownFileType = sourcecode.swift; path = "String+CalculatedScore.swift"; sourceTree = "<group>"; };
		8A9C880828CDBE0D0062FA6F /* SessionDetailChartView.swift */ = {isa = PBXFileReference; lastKnownFileType = sourcecode.swift; path = SessionDetailChartView.swift; sourceTree = "<group>"; };
		8AAC5C7E28C875BF00AF66F6 /* UITextField+Publisher.swift */ = {isa = PBXFileReference; lastKnownFileType = sourcecode.swift; path = "UITextField+Publisher.swift"; sourceTree = "<group>"; };
		8AB2626928CE89DD00307D97 /* SessionServiceTests.swift */ = {isa = PBXFileReference; lastKnownFileType = sourcecode.swift; path = SessionServiceTests.swift; sourceTree = "<group>"; };
		8AB2DEE328B7F21A00F165B9 /* icon.png */ = {isa = PBXFileReference; lastKnownFileType = image.png; path = icon.png; sourceTree = "<group>"; };
		8ABED74628C1E332003457FD /* eightLttrsWidgetExtension.appex */ = {isa = PBXFileReference; explicitFileType = "wrapper.app-extension"; includeInIndex = 0; path = eightLttrsWidgetExtension.appex; sourceTree = BUILT_PRODUCTS_DIR; };
		8ABED74A28C1E333003457FD /* eightLttrsWidget.swift */ = {isa = PBXFileReference; lastKnownFileType = sourcecode.swift; path = eightLttrsWidget.swift; sourceTree = "<group>"; };
		8ABED74E28C1E333003457FD /* Info.plist */ = {isa = PBXFileReference; lastKnownFileType = text.plist.xml; path = Info.plist; sourceTree = "<group>"; };
		8ABED75528C1E458003457FD /* Provider.swift */ = {isa = PBXFileReference; lastKnownFileType = sourcecode.swift; path = Provider.swift; sourceTree = "<group>"; };
		8ABED75728C1E471003457FD /* SimpleEntry.swift */ = {isa = PBXFileReference; lastKnownFileType = sourcecode.swift; path = SimpleEntry.swift; sourceTree = "<group>"; };
		8ABED75928C1E4AA003457FD /* WidgetView.swift */ = {isa = PBXFileReference; lastKnownFileType = sourcecode.swift; path = WidgetView.swift; sourceTree = "<group>"; };
		8ABED75B28C1E65D003457FD /* MediumSizeView.swift */ = {isa = PBXFileReference; lastKnownFileType = sourcecode.swift; path = MediumSizeView.swift; sourceTree = "<group>"; };
		8ABFC55D28B6162500ACC064 /* HapticsManager.swift */ = {isa = PBXFileReference; fileEncoding = 4; lastKnownFileType = sourcecode.swift; path = HapticsManager.swift; sourceTree = "<group>"; };
		8AC3AAB628C1F34E004C355A /* VerticalAlignment+Extension.swift */ = {isa = PBXFileReference; lastKnownFileType = sourcecode.swift; path = "VerticalAlignment+Extension.swift"; sourceTree = "<group>"; };
		8ACF209F28C9BDA100B78DCE /* DeeplinkHandlerProtocol.swift */ = {isa = PBXFileReference; lastKnownFileType = sourcecode.swift; path = DeeplinkHandlerProtocol.swift; sourceTree = "<group>"; };
		8ACF20A328C9BDE300B78DCE /* DeeplinkCoordinator.swift */ = {isa = PBXFileReference; lastKnownFileType = sourcecode.swift; path = DeeplinkCoordinator.swift; sourceTree = "<group>"; };
		8ACF20A528C9BF0900B78DCE /* SharedSessionDeeplinkHandler.swift */ = {isa = PBXFileReference; lastKnownFileType = sourcecode.swift; path = SharedSessionDeeplinkHandler.swift; sourceTree = "<group>"; };
		8ACF524F28BAD985008728BB /* Array+Permute.swift */ = {isa = PBXFileReference; lastKnownFileType = sourcecode.swift; path = "Array+Permute.swift"; sourceTree = "<group>"; };
		8AD9610A28B3C9B600F443FB /* BasicTextField.swift */ = {isa = PBXFileReference; lastKnownFileType = sourcecode.swift; path = BasicTextField.swift; sourceTree = "<group>"; };
		8ADAB26D28A5911C0083E028 /* eightLttrs.app */ = {isa = PBXFileReference; explicitFileType = wrapper.application; includeInIndex = 0; path = eightLttrs.app; sourceTree = BUILT_PRODUCTS_DIR; };
		8ADAB27028A5911C0083E028 /* AppDelegate.swift */ = {isa = PBXFileReference; lastKnownFileType = sourcecode.swift; path = AppDelegate.swift; sourceTree = "<group>"; };
		8ADAB27228A5911C0083E028 /* SceneDelegate.swift */ = {isa = PBXFileReference; lastKnownFileType = sourcecode.swift; path = SceneDelegate.swift; sourceTree = "<group>"; };
		8ADAB27428A5911C0083E028 /* MainViewController.swift */ = {isa = PBXFileReference; lastKnownFileType = sourcecode.swift; path = MainViewController.swift; sourceTree = "<group>"; };
		8ADAB27928A5911D0083E028 /* Assets.xcassets */ = {isa = PBXFileReference; lastKnownFileType = folder.assetcatalog; path = Assets.xcassets; sourceTree = "<group>"; };
		8ADAB27E28A5911D0083E028 /* Info.plist */ = {isa = PBXFileReference; lastKnownFileType = text.plist.xml; path = Info.plist; sourceTree = "<group>"; };
		8ADAB28328A5911D0083E028 /* eightLttrsTests.xctest */ = {isa = PBXFileReference; explicitFileType = wrapper.cfbundle; includeInIndex = 0; path = eightLttrsTests.xctest; sourceTree = BUILT_PRODUCTS_DIR; };
		8ADAB28728A5911D0083E028 /* WordServiceTests.swift */ = {isa = PBXFileReference; lastKnownFileType = sourcecode.swift; path = WordServiceTests.swift; sourceTree = "<group>"; };
		8ADAB28D28A5911D0083E028 /* eightLttrsUITests.xctest */ = {isa = PBXFileReference; explicitFileType = wrapper.cfbundle; includeInIndex = 0; path = eightLttrsUITests.xctest; sourceTree = BUILT_PRODUCTS_DIR; };
		8ADAB29128A5911D0083E028 /* WordScrambleUITests.swift */ = {isa = PBXFileReference; lastKnownFileType = sourcecode.swift; path = WordScrambleUITests.swift; sourceTree = "<group>"; };
		8ADAB29328A5911E0083E028 /* WordScrambleUITestsLaunchTests.swift */ = {isa = PBXFileReference; lastKnownFileType = sourcecode.swift; path = WordScrambleUITestsLaunchTests.swift; sourceTree = "<group>"; };
		8ADAB2A428A5941B0083E028 /* GameAPI.swift */ = {isa = PBXFileReference; lastKnownFileType = sourcecode.swift; path = GameAPI.swift; sourceTree = "<group>"; };
		8AE9627D28C718ED00FBD9FE /* UIAlertController+PresendAC.swift */ = {isa = PBXFileReference; lastKnownFileType = sourcecode.swift; path = "UIAlertController+PresendAC.swift"; sourceTree = "<group>"; };
		8AF14FDF28BF8D3D00AB6646 /* SessionDetailView.swift */ = {isa = PBXFileReference; lastKnownFileType = sourcecode.swift; path = SessionDetailView.swift; sourceTree = "<group>"; };
		8AF14FE128BF9E6F00AB6646 /* HighscoreListView.swift */ = {isa = PBXFileReference; lastKnownFileType = sourcecode.swift; path = HighscoreListView.swift; sourceTree = "<group>"; };
/* End PBXFileReference section */

/* Begin PBXFrameworksBuildPhase section */
		8ABED74328C1E332003457FD /* Frameworks */ = {
			isa = PBXFrameworksBuildPhase;
			buildActionMask = 2147483647;
			files = (
				8ABED74828C1E333003457FD /* SwiftUI.framework in Frameworks */,
				8ABED74728C1E333003457FD /* WidgetKit.framework in Frameworks */,
			);
			runOnlyForDeploymentPostprocessing = 0;
		};
		8ADAB26A28A5911C0083E028 /* Frameworks */ = {
			isa = PBXFrameworksBuildPhase;
			buildActionMask = 2147483647;
			files = (
			);
			runOnlyForDeploymentPostprocessing = 0;
		};
		8ADAB28028A5911D0083E028 /* Frameworks */ = {
			isa = PBXFrameworksBuildPhase;
			buildActionMask = 2147483647;
			files = (
			);
			runOnlyForDeploymentPostprocessing = 0;
		};
		8ADAB28A28A5911D0083E028 /* Frameworks */ = {
			isa = PBXFrameworksBuildPhase;
			buildActionMask = 2147483647;
			files = (
			);
			runOnlyForDeploymentPostprocessing = 0;
		};
/* End PBXFrameworksBuildPhase section */

/* Begin PBXGroup section */
		8A27E2D328C4F3DD00CB39C5 /* Services */ = {
			isa = PBXGroup;
			children = (
				8A41A52428C4AB380056662C /* WordService */,
				8A3F79D328AC55E90058A272 /* GameService */,
			);
			path = Services;
			sourceTree = "<group>";
		};
		8A3F79D328AC55E90058A272 /* GameService */ = {
			isa = PBXGroup;
			children = (
				8ADAB2A428A5941B0083E028 /* GameAPI.swift */,
				8A794FD828B938AB00BC9CE5 /* GameType.swift */,
				8A78F3A428AE5C2900DFA6D5 /* WordError.swift */,
				8A9202FE28C217F5008AF8EA /* WSLocale.swift */,
				8A73D73628C0DE3F000F81CA /* basewordsDE.txt */,
				8A73D73728C0DE3F000F81CA /* basewordsEN.txt */,
				8A3F79D428AC59810058A272 /* possibleWordsEN.txt */,
				8A73D73228C0DBD6000F81CA /* possibleWordsDE.txt */,
			);
			path = GameService;
			sourceTree = "<group>";
		};
		8A3F79D828ACD4940058A272 /* MenuView */ = {
			isa = PBXGroup;
			children = (
				8A45C1DD28BB909500A136CC /* MenuView.swift */,
			);
			path = MenuView;
			sourceTree = "<group>";
		};
		8A40C1EC28C9F7ED000971E4 /* SwiftUI */ = {
			isa = PBXGroup;
			children = (
				8A40C1EA28C9EDD6000971E4 /* ShareSessionButton.swift */,
			);
			path = SwiftUI;
			sourceTree = "<group>";
		};
		8A40C1ED28C9F7F5000971E4 /* UIKit */ = {
			isa = PBXGroup;
			children = (
				8A85AD2A28BDF3AF007FF4BF /* Divider.swift */,
				8AD9610A28B3C9B600F443FB /* BasicTextField.swift */,
			);
			path = UIKit;
			sourceTree = "<group>";
		};
		8A41A52428C4AB380056662C /* WordService */ = {
			isa = PBXGroup;
			children = (
				8A41A52728C4AB6A0056662C /* WordService.swift */,
			);
			path = WordService;
			sourceTree = "<group>";
		};
		8A45C1E128BB978200A136CC /* ViewModifier */ = {
			isa = PBXGroup;
			children = (
				8A45C1DF28BB977400A136CC /* RoundedNavigationTitle-ViewModifier.swift */,
				8A45C1E228BBC30700A136CC /* PresentAlert-ViewModifier.swift */,
			);
			path = ViewModifier;
			sourceTree = "<group>";
		};
		8A4C4C8A28BC34EB00B643D1 /* Sounds */ = {
			isa = PBXGroup;
			children = (
				8A4C4C8628BC327F00B643D1 /* success.wav */,
				8A4C4C8728BC327F00B643D1 /* error.wav */,
			);
			path = Sounds;
			sourceTree = "<group>";
		};
		8A6A3B8428C09FEF00A409E3 /* Frameworks */ = {
			isa = PBXGroup;
			children = (
				8A6A3B8528C09FEF00A409E3 /* WidgetKit.framework */,
				8A6A3B8728C09FEF00A409E3 /* SwiftUI.framework */,
			);
			name = Frameworks;
			sourceTree = "<group>";
		};
		8A70BEC128AB7C4300455FF1 /* Onboarding */ = {
			isa = PBXGroup;
			children = (
				8A70BEBF28AB7C4000455FF1 /* OnboardingViewController.swift */,
				8A78F3B028AE928C00DFA6D5 /* OnboardingPageViewController.swift */,
			);
			path = Onboarding;
			sourceTree = "<group>";
		};
		8A70BEC228AB7C4C00455FF1 /* Helper */ = {
			isa = PBXGroup;
			children = (
				8A357E9828CD360C00C511F1 /* ShowModal-EnvironmentKey.swift */,
				8A6703CA28A9B32900BBF5F1 /* Constants.swift */,
				8ABFC55D28B6162500ACC064 /* HapticsManager.swift */,
				8A85AD2C28BDF3BD007FF4BF /* Views */,
				8A45C1E128BB978200A136CC /* ViewModifier */,
				8A99A31F28B5248700E5ABBF /* Extensions */,
			);
			path = Helper;
			sourceTree = "<group>";
		};
		8A70BEC328AB7C5A00455FF1 /* MainView */ = {
			isa = PBXGroup;
			children = (
				8A6703C828A9A77000BBF5F1 /* MainView.swift */,
				8A5D2A0828C7C8CE008898E0 /* MainViewModel.swift */,
				8ADAB27428A5911C0083E028 /* MainViewController.swift */,
			);
			path = MainView;
			sourceTree = "<group>";
		};
		8A78F3B628AEB9A200DFA6D5 /* Resources */ = {
			isa = PBXGroup;
			children = (
				8A4C4C8A28BC34EB00B643D1 /* Sounds */,
				8AB2DEE328B7F21A00F165B9 /* icon.png */,
				8A78F3BC28AEBFCD00DFA6D5 /* L10n.swift */,
				8A87CC4028B4185900A9643B /* Localizable.stringsdict */,
				8A78F3B928AEBD6A00DFA6D5 /* Localizable.strings */,
			);
			path = Resources;
			sourceTree = "<group>";
		};
		8A85AD2C28BDF3BD007FF4BF /* Views */ = {
			isa = PBXGroup;
			children = (
				8A40C1EC28C9F7ED000971E4 /* SwiftUI */,
				8A40C1ED28C9F7F5000971E4 /* UIKit */,
				8A3A343F28CE507B006439AC /* LegalNoticeView.swift */,
			);
			path = Views;
			sourceTree = "<group>";
		};
		8A87110F28B281F5004F299F /* Persistence */ = {
			isa = PBXGroup;
			children = (
				8A87110D28B281C5004F299F /* PersistenceController.swift */,
				8A87111428B28322004F299F /* Session+CoreDataClass.swift */,
				8A87111028B28216004F299F /* eightLttrs.xcdatamodeld */,
				8A3F79DD28ACE42C0058A272 /* SessionService.swift */,
				8A01FED728C2706A0071978F /* CurrentWidgetSession.swift */,
			);
			path = Persistence;
			sourceTree = "<group>";
		};
		8A87111728B284F9004F299F /* Views */ = {
			isa = PBXGroup;
			children = (
				8A70BEC328AB7C5A00455FF1 /* MainView */,
				8A3F79D828ACD4940058A272 /* MenuView */,
				8A87111828B2BF33004F299F /* EndSessionView */,
				8A99A32628B5257000E5ABBF /* HighscoreView */,
				8A70BEC128AB7C4300455FF1 /* Onboarding */,
			);
			path = Views;
			sourceTree = "<group>";
		};
		8A87111828B2BF33004F299F /* EndSessionView */ = {
			isa = PBXGroup;
			children = (
				8A62106C28C8AE2200C8F1A7 /* EndSessionView.swift */,
			);
			path = EndSessionView;
			sourceTree = "<group>";
		};
		8A99A31B28B520EF00E5ABBF /* Models */ = {
			isa = PBXGroup;
			children = (
				8A4C4C8B28BC34F800B643D1 /* SoundType.swift */,
			);
			path = Models;
			sourceTree = "<group>";
		};
		8A99A31F28B5248700E5ABBF /* Extensions */ = {
			isa = PBXGroup;
			children = (
				8AAC5C7D28C875A400AF66F6 /* PublisherHelper */,
				8A99A32028B524DC00E5ABBF /* String+CalculatedScore.swift */,
				8ACF524F28BAD985008728BB /* Array+Permute.swift */,
				8A4A612D28BD406600EA126A /* Collection+Safe.swift */,
				8A2A24F528C3215D00C47C27 /* Color+Accent.swift */,
				8AE9627D28C718ED00FBD9FE /* UIAlertController+PresendAC.swift */,
			);
			path = Extensions;
			sourceTree = "<group>";
		};
		8A99A32628B5257000E5ABBF /* HighscoreView */ = {
			isa = PBXGroup;
			children = (
				8AF14FE128BF9E6F00AB6646 /* HighscoreListView.swift */,
				8A40C1F228CA38D7000971E4 /* HighscoreListRowView.swift */,
				8A9C880728CDBDF70062FA6F /* SessionDetailView */,
			);
			path = HighscoreView;
			sourceTree = "<group>";
		};
		8A9C880728CDBDF70062FA6F /* SessionDetailView */ = {
			isa = PBXGroup;
			children = (
				8AF14FDF28BF8D3D00AB6646 /* SessionDetailView.swift */,
				8A9C880828CDBE0D0062FA6F /* SessionDetailChartView.swift */,
			);
			path = SessionDetailView;
			sourceTree = "<group>";
		};
		8AAC5C7D28C875A400AF66F6 /* PublisherHelper */ = {
			isa = PBXGroup;
			children = (
				8AAC5C7E28C875BF00AF66F6 /* UITextField+Publisher.swift */,
				8A62106E28C8E32B00C8F1A7 /* UIFont+Weight.swift */,
			);
			path = PublisherHelper;
			sourceTree = "<group>";
		};
		8ABED74928C1E333003457FD /* eightLttrsWidget */ = {
			isa = PBXGroup;
			children = (
				8A79305228CD4CCF0020EC3B /* eightLttrsWidgetExtension.entitlements */,
				8ABED74A28C1E333003457FD /* eightLttrsWidget.swift */,
				8ABED75728C1E471003457FD /* SimpleEntry.swift */,
				8ABED75528C1E458003457FD /* Provider.swift */,
				8ABED74E28C1E333003457FD /* Info.plist */,
				8ABED75F28C1E66C003457FD /* Views */,
				8AC3AAB828C1F351004C355A /* Extensions */,
				8A01FEE128C290190071978F /* Assets.xcassets */,
			);
			path = eightLttrsWidget;
			sourceTree = "<group>";
		};
		8ABED75F28C1E66C003457FD /* Views */ = {
			isa = PBXGroup;
			children = (
				8ABED75928C1E4AA003457FD /* WidgetView.swift */,
				8A9202FA28C1FD3D008AF8EA /* SmallSizeView.swift */,
				8ABED75B28C1E65D003457FD /* MediumSizeView.swift */,
				8A9202FC28C1FDA8008AF8EA /* UsedWordsProgressView.swift */,
				8A4941E328CFB216000BC0E1 /* AccessoryCircularView.swift */,
				8A4941E528CFB6DB000BC0E1 /* AccessoryRectangularView.swift */,
			);
			path = Views;
			sourceTree = "<group>";
		};
		8AC3AAB828C1F351004C355A /* Extensions */ = {
			isa = PBXGroup;
			children = (
				8AC3AAB628C1F34E004C355A /* VerticalAlignment+Extension.swift */,
			);
			path = Extensions;
			sourceTree = "<group>";
		};
		8ACF209E28C9BD8000B78DCE /* Coordinators */ = {
			isa = PBXGroup;
			children = (
				8ACF209F28C9BDA100B78DCE /* DeeplinkHandlerProtocol.swift */,
				8ACF20A328C9BDE300B78DCE /* DeeplinkCoordinator.swift */,
				8ACF20A528C9BF0900B78DCE /* SharedSessionDeeplinkHandler.swift */,
			);
			path = Coordinators;
			sourceTree = "<group>";
		};
		8ADAB26428A5911C0083E028 = {
			isa = PBXGroup;
			children = (
				8ADAB26F28A5911C0083E028 /* eightLttrs */,
				8ABED74928C1E333003457FD /* eightLttrsWidget */,
				8ADAB28628A5911D0083E028 /* eightLttrsTests */,
				8ADAB29028A5911D0083E028 /* eightLttrsUITests */,
				8A6A3B8428C09FEF00A409E3 /* Frameworks */,
				8ADAB26E28A5911C0083E028 /* Products */,
			);
			sourceTree = "<group>";
		};
		8ADAB26E28A5911C0083E028 /* Products */ = {
			isa = PBXGroup;
			children = (
				8ADAB26D28A5911C0083E028 /* eightLttrs.app */,
				8ADAB28328A5911D0083E028 /* eightLttrsTests.xctest */,
				8ADAB28D28A5911D0083E028 /* eightLttrsUITests.xctest */,
				8ABED74628C1E332003457FD /* eightLttrsWidgetExtension.appex */,
			);
			name = Products;
			sourceTree = "<group>";
		};
		8ADAB26F28A5911C0083E028 /* eightLttrs */ = {
			isa = PBXGroup;
			children = (
				8A01FED528C26D940071978F /* eightLttrs.entitlements */,
				8ADAB27028A5911C0083E028 /* AppDelegate.swift */,
				8ADAB27228A5911C0083E028 /* SceneDelegate.swift */,
				8ACF209E28C9BD8000B78DCE /* Coordinators */,
				8A99A31B28B520EF00E5ABBF /* Models */,
				8A87111728B284F9004F299F /* Views */,
				8A27E2D328C4F3DD00CB39C5 /* Services */,
				8A87110F28B281F5004F299F /* Persistence */,
				8A70BEC228AB7C4C00455FF1 /* Helper */,
				8A78F3B628AEB9A200DFA6D5 /* Resources */,
				8ADAB27928A5911D0083E028 /* Assets.xcassets */,
				8ADAB27E28A5911D0083E028 /* Info.plist */,
			);
			path = eightLttrs;
			sourceTree = "<group>";
		};
		8ADAB28628A5911D0083E028 /* eightLttrsTests */ = {
			isa = PBXGroup;
			children = (
				8A0FAD7728D07901007F60ED /* TestPersistenceStore.swift */,
				8AE9628128C71D7900FBD9FE /* ServicesTests */,
				8A09F0D428CF0BA90069DCDC /* MainViewModelTests.swift */,
				8A0FAD7528D05B8D007F60ED /* MainViewControllerTests.swift */,
			);
			path = eightLttrsTests;
			sourceTree = "<group>";
		};
		8ADAB29028A5911D0083E028 /* eightLttrsUITests */ = {
			isa = PBXGroup;
			children = (
				8ADAB29128A5911D0083E028 /* WordScrambleUITests.swift */,
				8ADAB29328A5911E0083E028 /* WordScrambleUITestsLaunchTests.swift */,
				8A67A10E28D202C3002BF073 /* SnapshotHelper.swift */,
			);
			path = eightLttrsUITests;
			sourceTree = "<group>";
		};
		8AE9628128C71D7900FBD9FE /* ServicesTests */ = {
			isa = PBXGroup;
			children = (
				8ADAB28728A5911D0083E028 /* WordServiceTests.swift */,
				8AB2626928CE89DD00307D97 /* SessionServiceTests.swift */,
				8A09F0D628CF0BB40069DCDC /* GameAPITests.swift */,
			);
			path = ServicesTests;
			sourceTree = "<group>";
		};
/* End PBXGroup section */

/* Begin PBXNativeTarget section */
		8ABED74528C1E332003457FD /* eightLttrsWidgetExtension */ = {
			isa = PBXNativeTarget;
			buildConfigurationList = 8ABED75228C1E333003457FD /* Build configuration list for PBXNativeTarget "eightLttrsWidgetExtension" */;
			buildPhases = (
				8ABED74228C1E332003457FD /* Sources */,
				8ABED74328C1E332003457FD /* Frameworks */,
				8ABED74428C1E332003457FD /* Resources */,
			);
			buildRules = (
			);
			dependencies = (
			);
			name = eightLttrsWidgetExtension;
			productName = WordScrambleWidgetExtension;
			productReference = 8ABED74628C1E332003457FD /* eightLttrsWidgetExtension.appex */;
			productType = "com.apple.product-type.app-extension";
		};
		8ADAB26C28A5911C0083E028 /* eightLttrs */ = {
			isa = PBXNativeTarget;
			buildConfigurationList = 8ADAB29728A5911E0083E028 /* Build configuration list for PBXNativeTarget "eightLttrs" */;
			buildPhases = (
				8ADAB26928A5911C0083E028 /* Sources */,
				8ADAB26A28A5911C0083E028 /* Frameworks */,
				8ADAB26B28A5911C0083E028 /* Resources */,
				8A6A3B9228C09FF000A409E3 /* Embed Foundation Extensions */,
			);
			buildRules = (
			);
			dependencies = (
				8ABED75028C1E333003457FD /* PBXTargetDependency */,
			);
			name = eightLttrs;
			productName = WordScramble;
			productReference = 8ADAB26D28A5911C0083E028 /* eightLttrs.app */;
			productType = "com.apple.product-type.application";
		};
		8ADAB28228A5911D0083E028 /* eightLttrsTests */ = {
			isa = PBXNativeTarget;
			buildConfigurationList = 8ADAB29A28A5911E0083E028 /* Build configuration list for PBXNativeTarget "eightLttrsTests" */;
			buildPhases = (
				8ADAB27F28A5911D0083E028 /* Sources */,
				8ADAB28028A5911D0083E028 /* Frameworks */,
				8ADAB28128A5911D0083E028 /* Resources */,
			);
			buildRules = (
			);
			dependencies = (
				8ADAB28528A5911D0083E028 /* PBXTargetDependency */,
			);
			name = eightLttrsTests;
			productName = WordScrambleTests;
			productReference = 8ADAB28328A5911D0083E028 /* eightLttrsTests.xctest */;
			productType = "com.apple.product-type.bundle.unit-test";
		};
		8ADAB28C28A5911D0083E028 /* eightLttrsUITests */ = {
			isa = PBXNativeTarget;
			buildConfigurationList = 8ADAB29D28A5911E0083E028 /* Build configuration list for PBXNativeTarget "eightLttrsUITests" */;
			buildPhases = (
				8ADAB28928A5911D0083E028 /* Sources */,
				8ADAB28A28A5911D0083E028 /* Frameworks */,
				8ADAB28B28A5911D0083E028 /* Resources */,
			);
			buildRules = (
			);
			dependencies = (
				8ADAB28F28A5911D0083E028 /* PBXTargetDependency */,
			);
			name = eightLttrsUITests;
			productName = WordScrambleUITests;
			productReference = 8ADAB28D28A5911D0083E028 /* eightLttrsUITests.xctest */;
			productType = "com.apple.product-type.bundle.ui-testing";
		};
/* End PBXNativeTarget section */

/* Begin PBXProject section */
		8ADAB26528A5911C0083E028 /* Project object */ = {
			isa = PBXProject;
			attributes = {
				BuildIndependentTargetsInParallel = 1;
				LastSwiftUpdateCheck = 1400;
				LastUpgradeCheck = 1400;
				TargetAttributes = {
					8ABED74528C1E332003457FD = {
						CreatedOnToolsVersion = 14.0;
					};
					8ADAB26C28A5911C0083E028 = {
						CreatedOnToolsVersion = 14.0;
					};
					8ADAB28228A5911D0083E028 = {
						CreatedOnToolsVersion = 14.0;
						TestTargetID = 8ADAB26C28A5911C0083E028;
					};
					8ADAB28C28A5911D0083E028 = {
						CreatedOnToolsVersion = 14.0;
						TestTargetID = 8ADAB26C28A5911C0083E028;
					};
				};
			};
			buildConfigurationList = 8ADAB26828A5911C0083E028 /* Build configuration list for PBXProject "eightLttrs" */;
			compatibilityVersion = "Xcode 13.0";
			developmentRegion = en;
			hasScannedForEncodings = 0;
			knownRegions = (
				en,
				Base,
				de,
			);
			mainGroup = 8ADAB26428A5911C0083E028;
			productRefGroup = 8ADAB26E28A5911C0083E028 /* Products */;
			projectDirPath = "";
			projectRoot = "";
			targets = (
				8ADAB26C28A5911C0083E028 /* eightLttrs */,
				8ADAB28228A5911D0083E028 /* eightLttrsTests */,
				8ADAB28C28A5911D0083E028 /* eightLttrsUITests */,
				8ABED74528C1E332003457FD /* eightLttrsWidgetExtension */,
			);
		};
/* End PBXProject section */

/* Begin PBXResourcesBuildPhase section */
		8ABED74428C1E332003457FD /* Resources */ = {
			isa = PBXResourcesBuildPhase;
			buildActionMask = 2147483647;
			files = (
				8A92030C28C26789008AF8EA /* Localizable.strings in Resources */,
				8A01FEE328C290190071978F /* Assets.xcassets in Resources */,
				8A92030B28C26786008AF8EA /* Localizable.stringsdict in Resources */,
			);
			runOnlyForDeploymentPostprocessing = 0;
		};
		8ADAB26B28A5911C0083E028 /* Resources */ = {
			isa = PBXResourcesBuildPhase;
			buildActionMask = 2147483647;
			files = (
				8A3F79D528AC59810058A272 /* possibleWordsEN.txt in Resources */,
				8A73D73528C0DBD6000F81CA /* possibleWordsDE.txt in Resources */,
				8A87CC4328B4185900A9643B /* Localizable.stringsdict in Resources */,
				8A73D73828C0DE3F000F81CA /* basewordsDE.txt in Resources */,
				8A4C4C8828BC327F00B643D1 /* success.wav in Resources */,
				8A78F3B728AEBD6A00DFA6D5 /* Localizable.strings in Resources */,
				8A73D73928C0DE3F000F81CA /* basewordsEN.txt in Resources */,
				8A4C4C8928BC327F00B643D1 /* error.wav in Resources */,
				8AB2DEE428B7F21A00F165B9 /* icon.png in Resources */,
				8ADAB27A28A5911D0083E028 /* Assets.xcassets in Resources */,
			);
			runOnlyForDeploymentPostprocessing = 0;
		};
		8ADAB28128A5911D0083E028 /* Resources */ = {
			isa = PBXResourcesBuildPhase;
			buildActionMask = 2147483647;
			files = (
			);
			runOnlyForDeploymentPostprocessing = 0;
		};
		8ADAB28B28A5911D0083E028 /* Resources */ = {
			isa = PBXResourcesBuildPhase;
			buildActionMask = 2147483647;
			files = (
			);
			runOnlyForDeploymentPostprocessing = 0;
		};
/* End PBXResourcesBuildPhase section */

/* Begin PBXSourcesBuildPhase section */
		8ABED74228C1E332003457FD /* Sources */ = {
			isa = PBXSourcesBuildPhase;
			buildActionMask = 2147483647;
			files = (
				8A2A24F728C3215D00C47C27 /* Color+Accent.swift in Sources */,
				8ABED75628C1E458003457FD /* Provider.swift in Sources */,
				8A9202FB28C1FD3D008AF8EA /* SmallSizeView.swift in Sources */,
				8A92030728C26690008AF8EA /* String+CalculatedScore.swift in Sources */,
				8A9202FD28C1FDA8008AF8EA /* UsedWordsProgressView.swift in Sources */,
				8A01FED928C272ED0071978F /* CurrentWidgetSession.swift in Sources */,
				8A92030628C26673008AF8EA /* Constants.swift in Sources */,
				8ABED75828C1E471003457FD /* SimpleEntry.swift in Sources */,
				8A92030828C26699008AF8EA /* Array+Permute.swift in Sources */,
				8ABED75C28C1E65D003457FD /* MediumSizeView.swift in Sources */,
				8A4941E428CFB216000BC0E1 /* AccessoryCircularView.swift in Sources */,
				8A92030528C265E4008AF8EA /* WSLocale.swift in Sources */,
				8A4941E628CFB6DB000BC0E1 /* AccessoryRectangularView.swift in Sources */,
				8AC3AAB728C1F34E004C355A /* VerticalAlignment+Extension.swift in Sources */,
				8ABED75A28C1E4AA003457FD /* WidgetView.swift in Sources */,
				8ABED74B28C1E333003457FD /* eightLttrsWidget.swift in Sources */,
				8A92030928C26699008AF8EA /* Collection+Safe.swift in Sources */,
				8A92030A28C26783008AF8EA /* L10n.swift in Sources */,
			);
			runOnlyForDeploymentPostprocessing = 0;
		};
		8ADAB26928A5911C0083E028 /* Sources */ = {
			isa = PBXSourcesBuildPhase;
			buildActionMask = 2147483647;
			files = (
				8ADAB2A528A5941B0083E028 /* GameAPI.swift in Sources */,
				8A6703C928A9A77000BBF5F1 /* MainView.swift in Sources */,
				8A3F79DE28ACE42C0058A272 /* SessionService.swift in Sources */,
				8ADAB27528A5911C0083E028 /* MainViewController.swift in Sources */,
				8A85AD2B28BDF3AF007FF4BF /* Divider.swift in Sources */,
				8A357E9928CD360C00C511F1 /* ShowModal-EnvironmentKey.swift in Sources */,
				8A45C1DE28BB909500A136CC /* MenuView.swift in Sources */,
				8A794FD928B938AB00BC9CE5 /* GameType.swift in Sources */,
				8A70BEC028AB7C4000455FF1 /* OnboardingViewController.swift in Sources */,
				8AF14FE028BF8D3D00AB6646 /* SessionDetailView.swift in Sources */,
				8A41A52828C4AB6A0056662C /* WordService.swift in Sources */,
				8A2A24F828C3244A00C47C27 /* UsedWordsProgressView.swift in Sources */,
				8A01FED828C2706A0071978F /* CurrentWidgetSession.swift in Sources */,
				8ACF20A628C9BF0900B78DCE /* SharedSessionDeeplinkHandler.swift in Sources */,
				8AE9627E28C718ED00FBD9FE /* UIAlertController+PresendAC.swift in Sources */,
				8A9C880928CDBE0D0062FA6F /* SessionDetailChartView.swift in Sources */,
				8AF14FE228BF9E6F00AB6646 /* HighscoreListView.swift in Sources */,
				8A4C4C8C28BC34F800B643D1 /* SoundType.swift in Sources */,
				8A78F3B128AE928C00DFA6D5 /* OnboardingPageViewController.swift in Sources */,
				8AAC5C7F28C875BF00AF66F6 /* UITextField+Publisher.swift in Sources */,
				8A4A612E28BD406600EA126A /* Collection+Safe.swift in Sources */,
				8A87111628B28322004F299F /* Session+CoreDataClass.swift in Sources */,
				8A40C1EB28C9EDD6000971E4 /* ShareSessionButton.swift in Sources */,
				8A62106D28C8AE2200C8F1A7 /* EndSessionView.swift in Sources */,
				8A45C1E028BB977400A136CC /* RoundedNavigationTitle-ViewModifier.swift in Sources */,
				8ACF20A428C9BDE300B78DCE /* DeeplinkCoordinator.swift in Sources */,
				8AD9610B28B3C9B600F443FB /* BasicTextField.swift in Sources */,
				8A87111228B28216004F299F /* eightLttrs.xcdatamodeld in Sources */,
				8A99A32128B524DC00E5ABBF /* String+CalculatedScore.swift in Sources */,
				8A78F3A528AE5C2900DFA6D5 /* WordError.swift in Sources */,
				8ACF20A028C9BDA100B78DCE /* DeeplinkHandlerProtocol.swift in Sources */,
				8A9202FF28C217F5008AF8EA /* WSLocale.swift in Sources */,
				8ABFC55E28B6162500ACC064 /* HapticsManager.swift in Sources */,
				8A2A24F628C3215D00C47C27 /* Color+Accent.swift in Sources */,
				8A3A344028CE507B006439AC /* LegalNoticeView.swift in Sources */,
				8A62106F28C8E32B00C8F1A7 /* UIFont+Weight.swift in Sources */,
				8A6703CB28A9B32900BBF5F1 /* Constants.swift in Sources */,
				8ACF525028BAD985008728BB /* Array+Permute.swift in Sources */,
				8A5D2A0928C7C8CE008898E0 /* MainViewModel.swift in Sources */,
				8ADAB27128A5911C0083E028 /* AppDelegate.swift in Sources */,
				8A45C1E328BBC30700A136CC /* PresentAlert-ViewModifier.swift in Sources */,
				8ADAB27328A5911C0083E028 /* SceneDelegate.swift in Sources */,
				8A40C1F328CA38D7000971E4 /* HighscoreListRowView.swift in Sources */,
				8A78F3BD28AEBFCD00DFA6D5 /* L10n.swift in Sources */,
				8A87110E28B281C5004F299F /* PersistenceController.swift in Sources */,
			);
			runOnlyForDeploymentPostprocessing = 0;
		};
		8ADAB27F28A5911D0083E028 /* Sources */ = {
			isa = PBXSourcesBuildPhase;
			buildActionMask = 2147483647;
			files = (
				8A09F0D528CF0BA90069DCDC /* MainViewModelTests.swift in Sources */,
				8AB2626A28CE89DD00307D97 /* SessionServiceTests.swift in Sources */,
				8ADAB28828A5911D0083E028 /* WordServiceTests.swift in Sources */,
				8A0FAD7828D07901007F60ED /* TestPersistenceStore.swift in Sources */,
				8A09F0D728CF0BB40069DCDC /* GameAPITests.swift in Sources */,
				8A0FAD7628D05B8D007F60ED /* MainViewControllerTests.swift in Sources */,
			);
			runOnlyForDeploymentPostprocessing = 0;
		};
		8ADAB28928A5911D0083E028 /* Sources */ = {
			isa = PBXSourcesBuildPhase;
			buildActionMask = 2147483647;
			files = (
				8ADAB29228A5911D0083E028 /* WordScrambleUITests.swift in Sources */,
				8ADAB29428A5911E0083E028 /* WordScrambleUITestsLaunchTests.swift in Sources */,
				8A67A10F28D202C3002BF073 /* SnapshotHelper.swift in Sources */,
			);
			runOnlyForDeploymentPostprocessing = 0;
		};
/* End PBXSourcesBuildPhase section */

/* Begin PBXTargetDependency section */
		8ABED75028C1E333003457FD /* PBXTargetDependency */ = {
			isa = PBXTargetDependency;
			target = 8ABED74528C1E332003457FD /* eightLttrsWidgetExtension */;
			targetProxy = 8ABED74F28C1E333003457FD /* PBXContainerItemProxy */;
		};
		8ADAB28528A5911D0083E028 /* PBXTargetDependency */ = {
			isa = PBXTargetDependency;
			target = 8ADAB26C28A5911C0083E028 /* eightLttrs */;
			targetProxy = 8ADAB28428A5911D0083E028 /* PBXContainerItemProxy */;
		};
		8ADAB28F28A5911D0083E028 /* PBXTargetDependency */ = {
			isa = PBXTargetDependency;
			target = 8ADAB26C28A5911C0083E028 /* eightLttrs */;
			targetProxy = 8ADAB28E28A5911D0083E028 /* PBXContainerItemProxy */;
		};
/* End PBXTargetDependency section */

/* Begin PBXVariantGroup section */
		8A78F3B928AEBD6A00DFA6D5 /* Localizable.strings */ = {
			isa = PBXVariantGroup;
			children = (
				8A78F3B828AEBD6A00DFA6D5 /* en */,
				8A78F3BB28AEBD9200DFA6D5 /* de */,
			);
			name = Localizable.strings;
			sourceTree = "<group>";
		};
		8A87CC4028B4185900A9643B /* Localizable.stringsdict */ = {
			isa = PBXVariantGroup;
			children = (
				8A87CC4128B4185900A9643B /* en */,
				8A87CC4228B4185900A9643B /* de */,
			);
			name = Localizable.stringsdict;
			sourceTree = "<group>";
		};
/* End PBXVariantGroup section */

/* Begin XCBuildConfiguration section */
		8ABED75328C1E333003457FD /* Debug */ = {
			isa = XCBuildConfiguration;
			buildSettings = {
				ASSETCATALOG_COMPILER_GLOBAL_ACCENT_COLOR_NAME = AccentColor;
				ASSETCATALOG_COMPILER_WIDGET_BACKGROUND_COLOR_NAME = WidgetBackground;
				CODE_SIGN_ENTITLEMENTS = eightLttrsWidget/eightLttrsWidgetExtension.entitlements;
				CODE_SIGN_STYLE = Automatic;
				CURRENT_PROJECT_VERSION = 1;
				DEVELOPMENT_TEAM = X9DJ8STXP5;
				GENERATE_INFOPLIST_FILE = YES;
				INFOPLIST_FILE = eightLttrsWidget/Info.plist;
				INFOPLIST_KEY_CFBundleDisplayName = WordScrambleWidget;
				INFOPLIST_KEY_NSHumanReadableCopyright = "";
				IPHONEOS_DEPLOYMENT_TARGET = 16.0;
				LD_RUNPATH_SEARCH_PATHS = (
					"$(inherited)",
					"@executable_path/Frameworks",
					"@executable_path/../../Frameworks",
				);
				MARKETING_VERSION = 1.0;
				PRODUCT_BUNDLE_IDENTIFIER = "com.marvinleekobert.eightLttrs.eightLttrs-widgetExtension";
				PRODUCT_NAME = "$(TARGET_NAME)";
				SKIP_INSTALL = YES;
				SWIFT_EMIT_LOC_STRINGS = YES;
				SWIFT_VERSION = 5.0;
				TARGETED_DEVICE_FAMILY = "1,2";
			};
			name = Debug;
		};
		8ABED75428C1E333003457FD /* Release */ = {
			isa = XCBuildConfiguration;
			buildSettings = {
				ASSETCATALOG_COMPILER_GLOBAL_ACCENT_COLOR_NAME = AccentColor;
				ASSETCATALOG_COMPILER_WIDGET_BACKGROUND_COLOR_NAME = WidgetBackground;
				CODE_SIGN_ENTITLEMENTS = eightLttrsWidget/eightLttrsWidgetExtension.entitlements;
				CODE_SIGN_STYLE = Automatic;
				CURRENT_PROJECT_VERSION = 1;
				DEVELOPMENT_TEAM = X9DJ8STXP5;
				GENERATE_INFOPLIST_FILE = YES;
				INFOPLIST_FILE = eightLttrsWidget/Info.plist;
				INFOPLIST_KEY_CFBundleDisplayName = WordScrambleWidget;
				INFOPLIST_KEY_NSHumanReadableCopyright = "";
				IPHONEOS_DEPLOYMENT_TARGET = 16.0;
				LD_RUNPATH_SEARCH_PATHS = (
					"$(inherited)",
					"@executable_path/Frameworks",
					"@executable_path/../../Frameworks",
				);
				MARKETING_VERSION = 1.0;
				PRODUCT_BUNDLE_IDENTIFIER = "com.marvinleekobert.eightLttrs.eightLttrs-widgetExtension";
				PRODUCT_NAME = "$(TARGET_NAME)";
				SKIP_INSTALL = YES;
				SWIFT_EMIT_LOC_STRINGS = YES;
				SWIFT_VERSION = 5.0;
				TARGETED_DEVICE_FAMILY = "1,2";
			};
			name = Release;
		};
		8ADAB29528A5911E0083E028 /* Debug */ = {
			isa = XCBuildConfiguration;
			buildSettings = {
				ALWAYS_SEARCH_USER_PATHS = NO;
				ASSETCATALOG_COMPILER_GLOBAL_ACCENT_COLOR_NAME = AccentColor;
				CLANG_ANALYZER_LOCALIZABILITY_NONLOCALIZED = YES;
				CLANG_ANALYZER_NONNULL = YES;
				CLANG_ANALYZER_NUMBER_OBJECT_CONVERSION = YES_AGGRESSIVE;
				CLANG_CXX_LANGUAGE_STANDARD = "gnu++20";
				CLANG_ENABLE_MODULES = YES;
				CLANG_ENABLE_OBJC_ARC = YES;
				CLANG_ENABLE_OBJC_WEAK = YES;
				CLANG_WARN_BLOCK_CAPTURE_AUTORELEASING = YES;
				CLANG_WARN_BOOL_CONVERSION = YES;
				CLANG_WARN_COMMA = YES;
				CLANG_WARN_CONSTANT_CONVERSION = YES;
				CLANG_WARN_DEPRECATED_OBJC_IMPLEMENTATIONS = YES;
				CLANG_WARN_DIRECT_OBJC_ISA_USAGE = YES_ERROR;
				CLANG_WARN_DOCUMENTATION_COMMENTS = YES;
				CLANG_WARN_EMPTY_BODY = YES;
				CLANG_WARN_ENUM_CONVERSION = YES;
				CLANG_WARN_INFINITE_RECURSION = YES;
				CLANG_WARN_INT_CONVERSION = YES;
				CLANG_WARN_NON_LITERAL_NULL_CONVERSION = YES;
				CLANG_WARN_OBJC_IMPLICIT_RETAIN_SELF = YES;
				CLANG_WARN_OBJC_LITERAL_CONVERSION = YES;
				CLANG_WARN_OBJC_ROOT_CLASS = YES_ERROR;
				CLANG_WARN_QUOTED_INCLUDE_IN_FRAMEWORK_HEADER = YES;
				CLANG_WARN_RANGE_LOOP_ANALYSIS = YES;
				CLANG_WARN_STRICT_PROTOTYPES = YES;
				CLANG_WARN_SUSPICIOUS_MOVE = YES;
				CLANG_WARN_UNGUARDED_AVAILABILITY = YES_AGGRESSIVE;
				CLANG_WARN_UNREACHABLE_CODE = YES;
				CLANG_WARN__DUPLICATE_METHOD_MATCH = YES;
				COPY_PHASE_STRIP = NO;
				DEBUG_INFORMATION_FORMAT = dwarf;
				ENABLE_STRICT_OBJC_MSGSEND = YES;
				ENABLE_TESTABILITY = YES;
				GCC_C_LANGUAGE_STANDARD = gnu11;
				GCC_DYNAMIC_NO_PIC = NO;
				GCC_NO_COMMON_BLOCKS = YES;
				GCC_OPTIMIZATION_LEVEL = 0;
				GCC_PREPROCESSOR_DEFINITIONS = (
					"DEBUG=1",
					"$(inherited)",
				);
				GCC_WARN_64_TO_32_BIT_CONVERSION = YES;
				GCC_WARN_ABOUT_RETURN_TYPE = YES_ERROR;
				GCC_WARN_UNDECLARED_SELECTOR = YES;
				GCC_WARN_UNINITIALIZED_AUTOS = YES_AGGRESSIVE;
				GCC_WARN_UNUSED_FUNCTION = YES;
				GCC_WARN_UNUSED_VARIABLE = YES;
				IPHONEOS_DEPLOYMENT_TARGET = 16.0;
				MTL_ENABLE_DEBUG_INFO = INCLUDE_SOURCE;
				MTL_FAST_MATH = YES;
				ONLY_ACTIVE_ARCH = YES;
				SDKROOT = iphoneos;
				SWIFT_ACTIVE_COMPILATION_CONDITIONS = DEBUG;
				SWIFT_OPTIMIZATION_LEVEL = "-Onone";
			};
			name = Debug;
		};
		8ADAB29628A5911E0083E028 /* Release */ = {
			isa = XCBuildConfiguration;
			buildSettings = {
				ALWAYS_SEARCH_USER_PATHS = NO;
				ASSETCATALOG_COMPILER_GLOBAL_ACCENT_COLOR_NAME = AccentColor;
				CLANG_ANALYZER_LOCALIZABILITY_NONLOCALIZED = YES;
				CLANG_ANALYZER_NONNULL = YES;
				CLANG_ANALYZER_NUMBER_OBJECT_CONVERSION = YES_AGGRESSIVE;
				CLANG_CXX_LANGUAGE_STANDARD = "gnu++20";
				CLANG_ENABLE_MODULES = YES;
				CLANG_ENABLE_OBJC_ARC = YES;
				CLANG_ENABLE_OBJC_WEAK = YES;
				CLANG_WARN_BLOCK_CAPTURE_AUTORELEASING = YES;
				CLANG_WARN_BOOL_CONVERSION = YES;
				CLANG_WARN_COMMA = YES;
				CLANG_WARN_CONSTANT_CONVERSION = YES;
				CLANG_WARN_DEPRECATED_OBJC_IMPLEMENTATIONS = YES;
				CLANG_WARN_DIRECT_OBJC_ISA_USAGE = YES_ERROR;
				CLANG_WARN_DOCUMENTATION_COMMENTS = YES;
				CLANG_WARN_EMPTY_BODY = YES;
				CLANG_WARN_ENUM_CONVERSION = YES;
				CLANG_WARN_INFINITE_RECURSION = YES;
				CLANG_WARN_INT_CONVERSION = YES;
				CLANG_WARN_NON_LITERAL_NULL_CONVERSION = YES;
				CLANG_WARN_OBJC_IMPLICIT_RETAIN_SELF = YES;
				CLANG_WARN_OBJC_LITERAL_CONVERSION = YES;
				CLANG_WARN_OBJC_ROOT_CLASS = YES_ERROR;
				CLANG_WARN_QUOTED_INCLUDE_IN_FRAMEWORK_HEADER = YES;
				CLANG_WARN_RANGE_LOOP_ANALYSIS = YES;
				CLANG_WARN_STRICT_PROTOTYPES = YES;
				CLANG_WARN_SUSPICIOUS_MOVE = YES;
				CLANG_WARN_UNGUARDED_AVAILABILITY = YES_AGGRESSIVE;
				CLANG_WARN_UNREACHABLE_CODE = YES;
				CLANG_WARN__DUPLICATE_METHOD_MATCH = YES;
				COPY_PHASE_STRIP = NO;
				DEBUG_INFORMATION_FORMAT = "dwarf-with-dsym";
				ENABLE_NS_ASSERTIONS = NO;
				ENABLE_STRICT_OBJC_MSGSEND = YES;
				GCC_C_LANGUAGE_STANDARD = gnu11;
				GCC_NO_COMMON_BLOCKS = YES;
				GCC_WARN_64_TO_32_BIT_CONVERSION = YES;
				GCC_WARN_ABOUT_RETURN_TYPE = YES_ERROR;
				GCC_WARN_UNDECLARED_SELECTOR = YES;
				GCC_WARN_UNINITIALIZED_AUTOS = YES_AGGRESSIVE;
				GCC_WARN_UNUSED_FUNCTION = YES;
				GCC_WARN_UNUSED_VARIABLE = YES;
				IPHONEOS_DEPLOYMENT_TARGET = 16.0;
				MTL_ENABLE_DEBUG_INFO = NO;
				MTL_FAST_MATH = YES;
				SDKROOT = iphoneos;
				SWIFT_COMPILATION_MODE = wholemodule;
				SWIFT_OPTIMIZATION_LEVEL = "-O";
				VALIDATE_PRODUCT = YES;
			};
			name = Release;
		};
		8ADAB29828A5911E0083E028 /* Debug */ = {
			isa = XCBuildConfiguration;
			buildSettings = {
				ALWAYS_EMBED_SWIFT_STANDARD_LIBRARIES = YES;
				ASSETCATALOG_COMPILER_APPICON_NAME = AppIcon;
				ASSETCATALOG_COMPILER_GLOBAL_ACCENT_COLOR_NAME = AccentColor;
				ASSETCATALOG_COMPILER_INCLUDE_ALL_APPICON_ASSETS = NO;
				CODE_SIGN_ENTITLEMENTS = eightLttrs/eightLttrs.entitlements;
				CODE_SIGN_STYLE = Automatic;
				CURRENT_PROJECT_VERSION = 1;
				DEVELOPMENT_TEAM = X9DJ8STXP5;
				GENERATE_INFOPLIST_FILE = YES;
				INFOPLIST_FILE = eightLttrs/Info.plist;
				INFOPLIST_KEY_CFBundleDisplayName = 8lttrs;
				INFOPLIST_KEY_LSApplicationCategoryType = "public.app-category.word-games";
				INFOPLIST_KEY_UIApplicationSupportsIndirectInputEvents = YES;
				INFOPLIST_KEY_UILaunchStoryboardName = LaunchScreen;
				INFOPLIST_KEY_UISupportedInterfaceOrientations = "UIInterfaceOrientationPortrait UIInterfaceOrientationPortraitUpsideDown";
				INFOPLIST_KEY_UISupportedInterfaceOrientations_iPad = UIInterfaceOrientationPortrait;
				LD_RUNPATH_SEARCH_PATHS = (
					"$(inherited)",
					"@executable_path/Frameworks",
				);
				MARKETING_VERSION = 1.0;
				PRODUCT_BUNDLE_IDENTIFIER = com.marvinleekobert.eightLttrs;
				PRODUCT_NAME = "$(TARGET_NAME)";
				SUPPORTED_PLATFORMS = "iphoneos iphonesimulator";
				SUPPORTS_MACCATALYST = NO;
				SUPPORTS_MAC_DESIGNED_FOR_IPHONE_IPAD = NO;
				SWIFT_EMIT_LOC_STRINGS = YES;
				SWIFT_VERSION = 5.0;
				TARGETED_DEVICE_FAMILY = 1;
			};
			name = Debug;
		};
		8ADAB29928A5911E0083E028 /* Release */ = {
			isa = XCBuildConfiguration;
			buildSettings = {
				ALWAYS_EMBED_SWIFT_STANDARD_LIBRARIES = YES;
				ASSETCATALOG_COMPILER_APPICON_NAME = AppIcon;
				ASSETCATALOG_COMPILER_GLOBAL_ACCENT_COLOR_NAME = AccentColor;
				ASSETCATALOG_COMPILER_INCLUDE_ALL_APPICON_ASSETS = NO;
				CODE_SIGN_ENTITLEMENTS = eightLttrs/eightLttrs.entitlements;
				CODE_SIGN_STYLE = Automatic;
				CURRENT_PROJECT_VERSION = 1;
				DEVELOPMENT_TEAM = X9DJ8STXP5;
				GENERATE_INFOPLIST_FILE = YES;
				INFOPLIST_FILE = eightLttrs/Info.plist;
				INFOPLIST_KEY_CFBundleDisplayName = 8lttrs;
				INFOPLIST_KEY_LSApplicationCategoryType = "public.app-category.word-games";
				INFOPLIST_KEY_UIApplicationSupportsIndirectInputEvents = YES;
				INFOPLIST_KEY_UILaunchStoryboardName = LaunchScreen;
				INFOPLIST_KEY_UISupportedInterfaceOrientations = "UIInterfaceOrientationPortrait UIInterfaceOrientationPortraitUpsideDown";
				INFOPLIST_KEY_UISupportedInterfaceOrientations_iPad = UIInterfaceOrientationPortrait;
				LD_RUNPATH_SEARCH_PATHS = (
					"$(inherited)",
					"@executable_path/Frameworks",
				);
				MARKETING_VERSION = 1.0;
				PRODUCT_BUNDLE_IDENTIFIER = com.marvinleekobert.eightLttrs;
				PRODUCT_NAME = "$(TARGET_NAME)";
				SUPPORTED_PLATFORMS = "iphoneos iphonesimulator";
				SUPPORTS_MACCATALYST = NO;
				SUPPORTS_MAC_DESIGNED_FOR_IPHONE_IPAD = NO;
				SWIFT_EMIT_LOC_STRINGS = YES;
				SWIFT_VERSION = 5.0;
				TARGETED_DEVICE_FAMILY = 1;
			};
			name = Release;
		};
		8ADAB29B28A5911E0083E028 /* Debug */ = {
			isa = XCBuildConfiguration;
			buildSettings = {
				ALWAYS_EMBED_SWIFT_STANDARD_LIBRARIES = YES;
				BUNDLE_LOADER = "$(TEST_HOST)";
				CODE_SIGN_STYLE = Automatic;
				CURRENT_PROJECT_VERSION = 1;
				DEVELOPMENT_TEAM = 8KAQMJ37RH;
				GENERATE_INFOPLIST_FILE = YES;
				IPHONEOS_DEPLOYMENT_TARGET = 16.0;
				MARKETING_VERSION = 1.0;
				PRODUCT_BUNDLE_IDENTIFIER = com.marvinlee.WordScrambleTests;
				PRODUCT_NAME = "$(TARGET_NAME)";
				SWIFT_EMIT_LOC_STRINGS = NO;
				SWIFT_VERSION = 5.0;
				TARGETED_DEVICE_FAMILY = "1,2";
				TEST_HOST = "$(BUILT_PRODUCTS_DIR)/eightLttrs.app/eightLttrs";
			};
			name = Debug;
		};
		8ADAB29C28A5911E0083E028 /* Release */ = {
			isa = XCBuildConfiguration;
			buildSettings = {
				ALWAYS_EMBED_SWIFT_STANDARD_LIBRARIES = YES;
				BUNDLE_LOADER = "$(TEST_HOST)";
				CODE_SIGN_STYLE = Automatic;
				CURRENT_PROJECT_VERSION = 1;
				DEVELOPMENT_TEAM = 8KAQMJ37RH;
				GENERATE_INFOPLIST_FILE = YES;
				IPHONEOS_DEPLOYMENT_TARGET = 16.0;
				MARKETING_VERSION = 1.0;
				PRODUCT_BUNDLE_IDENTIFIER = com.marvinlee.WordScrambleTests;
				PRODUCT_NAME = "$(TARGET_NAME)";
				SWIFT_EMIT_LOC_STRINGS = NO;
				SWIFT_VERSION = 5.0;
				TARGETED_DEVICE_FAMILY = "1,2";
				TEST_HOST = "$(BUILT_PRODUCTS_DIR)/eightLttrs.app/eightLttrs";
			};
			name = Release;
		};
		8ADAB29E28A5911E0083E028 /* Debug */ = {
			isa = XCBuildConfiguration;
			buildSettings = {
				ALWAYS_EMBED_SWIFT_STANDARD_LIBRARIES = YES;
				CODE_SIGN_STYLE = Automatic;
				CURRENT_PROJECT_VERSION = 1;
				DEVELOPMENT_TEAM = X9DJ8STXP5;
				GENERATE_INFOPLIST_FILE = YES;
				MARKETING_VERSION = 1.0;
				PRODUCT_BUNDLE_IDENTIFIER = com.marvinlee.WordScrambleUITests;
				PRODUCT_NAME = "$(TARGET_NAME)";
				PROVISIONING_PROFILE = "";
				SUPPORTED_PLATFORMS = "iphoneos iphonesimulator";
				SUPPORTS_MACCATALYST = NO;
				SUPPORTS_MAC_DESIGNED_FOR_IPHONE_IPAD = NO;
				SWIFT_EMIT_LOC_STRINGS = NO;
				SWIFT_VERSION = 5.0;
				TARGETED_DEVICE_FAMILY = 1;
				TEST_TARGET_NAME = eightLttrs;
			};
			name = Debug;
		};
		8ADAB29F28A5911E0083E028 /* Release */ = {
			isa = XCBuildConfiguration;
			buildSettings = {
				ALWAYS_EMBED_SWIFT_STANDARD_LIBRARIES = YES;
				CODE_SIGN_STYLE = Automatic;
				CURRENT_PROJECT_VERSION = 1;
				DEVELOPMENT_TEAM = X9DJ8STXP5;
				GENERATE_INFOPLIST_FILE = YES;
				MARKETING_VERSION = 1.0;
				PRODUCT_BUNDLE_IDENTIFIER = com.marvinlee.WordScrambleUITests;
				PRODUCT_NAME = "$(TARGET_NAME)";
				PROVISIONING_PROFILE = "";
				SUPPORTED_PLATFORMS = "iphoneos iphonesimulator";
				SUPPORTS_MACCATALYST = NO;
				SUPPORTS_MAC_DESIGNED_FOR_IPHONE_IPAD = NO;
				SWIFT_EMIT_LOC_STRINGS = NO;
				SWIFT_VERSION = 5.0;
				TARGETED_DEVICE_FAMILY = 1;
				TEST_TARGET_NAME = eightLttrs;
			};
			name = Release;
		};
/* End XCBuildConfiguration section */

/* Begin XCConfigurationList section */
		8ABED75228C1E333003457FD /* Build configuration list for PBXNativeTarget "eightLttrsWidgetExtension" */ = {
			isa = XCConfigurationList;
			buildConfigurations = (
				8ABED75328C1E333003457FD /* Debug */,
				8ABED75428C1E333003457FD /* Release */,
			);
			defaultConfigurationIsVisible = 0;
			defaultConfigurationName = Release;
		};
		8ADAB26828A5911C0083E028 /* Build configuration list for PBXProject "eightLttrs" */ = {
			isa = XCConfigurationList;
			buildConfigurations = (
				8ADAB29528A5911E0083E028 /* Debug */,
				8ADAB29628A5911E0083E028 /* Release */,
			);
			defaultConfigurationIsVisible = 0;
			defaultConfigurationName = Release;
		};
		8ADAB29728A5911E0083E028 /* Build configuration list for PBXNativeTarget "eightLttrs" */ = {
			isa = XCConfigurationList;
			buildConfigurations = (
				8ADAB29828A5911E0083E028 /* Debug */,
				8ADAB29928A5911E0083E028 /* Release */,
			);
			defaultConfigurationIsVisible = 0;
			defaultConfigurationName = Release;
		};
		8ADAB29A28A5911E0083E028 /* Build configuration list for PBXNativeTarget "eightLttrsTests" */ = {
			isa = XCConfigurationList;
			buildConfigurations = (
				8ADAB29B28A5911E0083E028 /* Debug */,
				8ADAB29C28A5911E0083E028 /* Release */,
			);
			defaultConfigurationIsVisible = 0;
			defaultConfigurationName = Release;
		};
		8ADAB29D28A5911E0083E028 /* Build configuration list for PBXNativeTarget "eightLttrsUITests" */ = {
			isa = XCConfigurationList;
			buildConfigurations = (
				8ADAB29E28A5911E0083E028 /* Debug */,
				8ADAB29F28A5911E0083E028 /* Release */,
			);
			defaultConfigurationIsVisible = 0;
			defaultConfigurationName = Release;
		};
/* End XCConfigurationList section */

/* Begin XCVersionGroup section */
		8A87111028B28216004F299F /* eightLttrs.xcdatamodeld */ = {
			isa = XCVersionGroup;
			children = (
				8A87111128B28216004F299F /* WordScramble.xcdatamodel */,
			);
			currentVersion = 8A87111128B28216004F299F /* WordScramble.xcdatamodel */;
			path = eightLttrs.xcdatamodeld;
			sourceTree = "<group>";
			versionGroupType = wrapper.xcdatamodel;
		};
/* End XCVersionGroup section */
	};
	rootObject = 8ADAB26528A5911C0083E028 /* Project object */;
}
