// !$*UTF8*$!
{
	archiveVersion = 1;
	classes = {
	};
	objectVersion = 56;
	objects = {

/* Begin PBXBuildFile section */
		8A3F79CF28AC4E7F0058A272 /* wordlist-german.txt in Resources */ = {isa = PBXBuildFile; fileRef = 8A3F79CD28AC4E7F0058A272 /* wordlist-german.txt */; };
		8A3F79D028AC4E7F0058A272 /* startWordsDE.txt in Resources */ = {isa = PBXBuildFile; fileRef = 8A3F79CE28AC4E7F0058A272 /* startWordsDE.txt */; };
		8A3F79D228AC55CF0058A272 /* allWords8LettersDE.txt in Resources */ = {isa = PBXBuildFile; fileRef = 8A3F79D128AC55CF0058A272 /* allWords8LettersDE.txt */; };
		8A3F79D528AC59810058A272 /* allWords8LettersEN.txt in Resources */ = {isa = PBXBuildFile; fileRef = 8A3F79D428AC59810058A272 /* allWords8LettersEN.txt */; };
		8A3F79DA28ACD4A60058A272 /* MenuViewController.swift in Sources */ = {isa = PBXBuildFile; fileRef = 8A3F79D928ACD4A60058A272 /* MenuViewController.swift */; };
		8A3F79DC28ACD4D30058A272 /* MenuView.swift in Sources */ = {isa = PBXBuildFile; fileRef = 8A3F79DB28ACD4D30058A272 /* MenuView.swift */; };
		8A3F79DE28ACE42C0058A272 /* SessionService.swift in Sources */ = {isa = PBXBuildFile; fileRef = 8A3F79DD28ACE42C0058A272 /* SessionService.swift */; };
		8A45C1DE28BB909500A136CC /* MenuView-SwiftUI.swift in Sources */ = {isa = PBXBuildFile; fileRef = 8A45C1DD28BB909500A136CC /* MenuView-SwiftUI.swift */; };
		8A45C1E028BB977400A136CC /* RoundedNavigationTitle-ViewModifier.swift in Sources */ = {isa = PBXBuildFile; fileRef = 8A45C1DF28BB977400A136CC /* RoundedNavigationTitle-ViewModifier.swift */; };
		8A45C1E328BBC30700A136CC /* ViewModfifier-PresentAlert.swift in Sources */ = {isa = PBXBuildFile; fileRef = 8A45C1E228BBC30700A136CC /* ViewModfifier-PresentAlert.swift */; };
		8A45C1E528BBEB4000A136CC /* EndSessionViewControllerRepresentable.swift in Sources */ = {isa = PBXBuildFile; fileRef = 8A45C1E428BBEB4000A136CC /* EndSessionViewControllerRepresentable.swift */; };
		8A45C1E728BBEDCE00A136CC /* HighscoreViewViewcontrollerRepresentable.swift in Sources */ = {isa = PBXBuildFile; fileRef = 8A45C1E628BBEDCE00A136CC /* HighscoreViewViewcontrollerRepresentable.swift */; };
		8A4C4C8828BC327F00B643D1 /* success.wav in Resources */ = {isa = PBXBuildFile; fileRef = 8A4C4C8628BC327F00B643D1 /* success.wav */; };
		8A4C4C8928BC327F00B643D1 /* error.wav in Resources */ = {isa = PBXBuildFile; fileRef = 8A4C4C8728BC327F00B643D1 /* error.wav */; };
		8A4C4C8C28BC34F800B643D1 /* SoundType.swift in Sources */ = {isa = PBXBuildFile; fileRef = 8A4C4C8B28BC34F800B643D1 /* SoundType.swift */; };
		8A6703C928A9A77000BBF5F1 /* MainView.swift in Sources */ = {isa = PBXBuildFile; fileRef = 8A6703C828A9A77000BBF5F1 /* MainView.swift */; };
		8A6703CB28A9B32900BBF5F1 /* Constants.swift in Sources */ = {isa = PBXBuildFile; fileRef = 8A6703CA28A9B32900BBF5F1 /* Constants.swift */; };
		8A70BEC028AB7C4000455FF1 /* OnboardingViewController.swift in Sources */ = {isa = PBXBuildFile; fileRef = 8A70BEBF28AB7C4000455FF1 /* OnboardingViewController.swift */; };
		8A78F3A528AE5C2900DFA6D5 /* WordError.swift in Sources */ = {isa = PBXBuildFile; fileRef = 8A78F3A428AE5C2900DFA6D5 /* WordError.swift */; };
		8A78F3B128AE928C00DFA6D5 /* OnboardingPageViewController.swift in Sources */ = {isa = PBXBuildFile; fileRef = 8A78F3B028AE928C00DFA6D5 /* OnboardingPageViewController.swift */; };
		8A78F3B728AEBD6A00DFA6D5 /* Localizable.strings in Resources */ = {isa = PBXBuildFile; fileRef = 8A78F3B928AEBD6A00DFA6D5 /* Localizable.strings */; };
		8A78F3BD28AEBFCD00DFA6D5 /* L10n.swift in Sources */ = {isa = PBXBuildFile; fileRef = 8A78F3BC28AEBFCD00DFA6D5 /* L10n.swift */; };
		8A794FD928B938AB00BC9CE5 /* GameType.swift in Sources */ = {isa = PBXBuildFile; fileRef = 8A794FD828B938AB00BC9CE5 /* GameType.swift */; };
		8A794FDB28B938E700BC9CE5 /* GameServiceProtocol.swift in Sources */ = {isa = PBXBuildFile; fileRef = 8A794FDA28B938E700BC9CE5 /* GameServiceProtocol.swift */; };
		8A87110728B18217004F299F /* AlertData.swift in Sources */ = {isa = PBXBuildFile; fileRef = 8A87110628B18217004F299F /* AlertData.swift */; };
		8A87110C28B1824A004F299F /* AlertPresenter.swift in Sources */ = {isa = PBXBuildFile; fileRef = 8A87110B28B1824A004F299F /* AlertPresenter.swift */; };
		8A87110E28B281C5004F299F /* PersistenceStore.swift in Sources */ = {isa = PBXBuildFile; fileRef = 8A87110D28B281C5004F299F /* PersistenceStore.swift */; };
		8A87111228B28216004F299F /* WordScramble.xcdatamodeld in Sources */ = {isa = PBXBuildFile; fileRef = 8A87111028B28216004F299F /* WordScramble.xcdatamodeld */; };
		8A87111528B28322004F299F /* Session+CoreDataClass.swift in Sources */ = {isa = PBXBuildFile; fileRef = 8A87111328B28322004F299F /* Session+CoreDataClass.swift */; };
		8A87111628B28322004F299F /* Session+CoreDataProperties.swift in Sources */ = {isa = PBXBuildFile; fileRef = 8A87111428B28322004F299F /* Session+CoreDataProperties.swift */; };
		8A87111A28B2BF5A004F299F /* EndSessionViewController.swift in Sources */ = {isa = PBXBuildFile; fileRef = 8A87111928B2BF5A004F299F /* EndSessionViewController.swift */; };
		8A87111C28B2BF62004F299F /* EndSessionView.swift in Sources */ = {isa = PBXBuildFile; fileRef = 8A87111B28B2BF62004F299F /* EndSessionView.swift */; };
		8A87CC4328B4185900A9643B /* Localizable.stringsdict in Resources */ = {isa = PBXBuildFile; fileRef = 8A87CC4028B4185900A9643B /* Localizable.stringsdict */; };
		8A99A31A28B4A83D00E5ABBF /* WordCell.swift in Sources */ = {isa = PBXBuildFile; fileRef = 8A99A31928B4A83D00E5ABBF /* WordCell.swift */; };
		8A99A31D28B5210300E5ABBF /* WordCellItem.swift in Sources */ = {isa = PBXBuildFile; fileRef = 8A99A31C28B5210300E5ABBF /* WordCellItem.swift */; };
		8A99A32128B524DC00E5ABBF /* String+Extensions.swift in Sources */ = {isa = PBXBuildFile; fileRef = 8A99A32028B524DC00E5ABBF /* String+Extensions.swift */; };
		8A99A32328B5255400E5ABBF /* HighscoreViewController.swift in Sources */ = {isa = PBXBuildFile; fileRef = 8A99A32228B5255400E5ABBF /* HighscoreViewController.swift */; };
		8A99A32528B5256800E5ABBF /* HighscoreView.swift in Sources */ = {isa = PBXBuildFile; fileRef = 8A99A32428B5256800E5ABBF /* HighscoreView.swift */; };
		8A99A32828B530BA00E5ABBF /* HighscoreCellItem.swift in Sources */ = {isa = PBXBuildFile; fileRef = 8A99A32728B530BA00E5ABBF /* HighscoreCellItem.swift */; };
		8A99A32A28B5327400E5ABBF /* HighscoreCell.swift in Sources */ = {isa = PBXBuildFile; fileRef = 8A99A32928B5327400E5ABBF /* HighscoreCell.swift */; };
		8A99A32C28B552F900E5ABBF /* HighscoreListHeaderCell.swift in Sources */ = {isa = PBXBuildFile; fileRef = 8A99A32B28B552F900E5ABBF /* HighscoreListHeaderCell.swift */; };
		8AB2DEE428B7F21A00F165B9 /* icon.png in Resources */ = {isa = PBXBuildFile; fileRef = 8AB2DEE328B7F21A00F165B9 /* icon.png */; };
		8ABFC55E28B6162500ACC064 /* HapticsManager.swift in Sources */ = {isa = PBXBuildFile; fileRef = 8ABFC55D28B6162500ACC064 /* HapticsManager.swift */; };
		8ACF525028BAD985008728BB /* Array+Extensions.swift in Sources */ = {isa = PBXBuildFile; fileRef = 8ACF524F28BAD985008728BB /* Array+Extensions.swift */; };
		8AD9610B28B3C9B600F443FB /* BasicTextField.swift in Sources */ = {isa = PBXBuildFile; fileRef = 8AD9610A28B3C9B600F443FB /* BasicTextField.swift */; };
		8ADAB27128A5911C0083E028 /* AppDelegate.swift in Sources */ = {isa = PBXBuildFile; fileRef = 8ADAB27028A5911C0083E028 /* AppDelegate.swift */; };
		8ADAB27328A5911C0083E028 /* SceneDelegate.swift in Sources */ = {isa = PBXBuildFile; fileRef = 8ADAB27228A5911C0083E028 /* SceneDelegate.swift */; };
		8ADAB27528A5911C0083E028 /* MainViewController.swift in Sources */ = {isa = PBXBuildFile; fileRef = 8ADAB27428A5911C0083E028 /* MainViewController.swift */; };
		8ADAB27A28A5911D0083E028 /* Assets.xcassets in Resources */ = {isa = PBXBuildFile; fileRef = 8ADAB27928A5911D0083E028 /* Assets.xcassets */; };
		8ADAB28828A5911D0083E028 /* WordScrambleTests.swift in Sources */ = {isa = PBXBuildFile; fileRef = 8ADAB28728A5911D0083E028 /* WordScrambleTests.swift */; };
		8ADAB29228A5911D0083E028 /* WordScrambleUITests.swift in Sources */ = {isa = PBXBuildFile; fileRef = 8ADAB29128A5911D0083E028 /* WordScrambleUITests.swift */; };
		8ADAB29428A5911E0083E028 /* WordScrambleUITestsLaunchTests.swift in Sources */ = {isa = PBXBuildFile; fileRef = 8ADAB29328A5911E0083E028 /* WordScrambleUITestsLaunchTests.swift */; };
		8ADAB2A328A594040083E028 /* startWordsEN.txt in Resources */ = {isa = PBXBuildFile; fileRef = 8ADAB2A228A594040083E028 /* startWordsEN.txt */; };
		8ADAB2A528A5941B0083E028 /* GameService.swift in Sources */ = {isa = PBXBuildFile; fileRef = 8ADAB2A428A5941B0083E028 /* GameService.swift */; };
/* End PBXBuildFile section */

/* Begin PBXContainerItemProxy section */
		8ADAB28428A5911D0083E028 /* PBXContainerItemProxy */ = {
			isa = PBXContainerItemProxy;
			containerPortal = 8ADAB26528A5911C0083E028 /* Project object */;
			proxyType = 1;
			remoteGlobalIDString = 8ADAB26C28A5911C0083E028;
			remoteInfo = WordScramble;
		};
		8ADAB28E28A5911D0083E028 /* PBXContainerItemProxy */ = {
			isa = PBXContainerItemProxy;
			containerPortal = 8ADAB26528A5911C0083E028 /* Project object */;
			proxyType = 1;
			remoteGlobalIDString = 8ADAB26C28A5911C0083E028;
			remoteInfo = WordScramble;
		};
/* End PBXContainerItemProxy section */

/* Begin PBXFileReference section */
		8A3F79CD28AC4E7F0058A272 /* wordlist-german.txt */ = {isa = PBXFileReference; fileEncoding = 4; lastKnownFileType = text; path = "wordlist-german.txt"; sourceTree = "<group>"; };
		8A3F79CE28AC4E7F0058A272 /* startWordsDE.txt */ = {isa = PBXFileReference; fileEncoding = 4; lastKnownFileType = text; path = startWordsDE.txt; sourceTree = "<group>"; };
		8A3F79D128AC55CF0058A272 /* allWords8LettersDE.txt */ = {isa = PBXFileReference; fileEncoding = 4; lastKnownFileType = text; path = allWords8LettersDE.txt; sourceTree = "<group>"; };
		8A3F79D428AC59810058A272 /* allWords8LettersEN.txt */ = {isa = PBXFileReference; fileEncoding = 4; lastKnownFileType = text; path = allWords8LettersEN.txt; sourceTree = "<group>"; };
		8A3F79D928ACD4A60058A272 /* MenuViewController.swift */ = {isa = PBXFileReference; fileEncoding = 4; lastKnownFileType = sourcecode.swift; path = MenuViewController.swift; sourceTree = "<group>"; };
		8A3F79DB28ACD4D30058A272 /* MenuView.swift */ = {isa = PBXFileReference; lastKnownFileType = sourcecode.swift; path = MenuView.swift; sourceTree = "<group>"; };
		8A3F79DD28ACE42C0058A272 /* SessionService.swift */ = {isa = PBXFileReference; lastKnownFileType = sourcecode.swift; path = SessionService.swift; sourceTree = "<group>"; };
		8A45C1DD28BB909500A136CC /* MenuView-SwiftUI.swift */ = {isa = PBXFileReference; lastKnownFileType = sourcecode.swift; path = "MenuView-SwiftUI.swift"; sourceTree = "<group>"; };
		8A45C1DF28BB977400A136CC /* RoundedNavigationTitle-ViewModifier.swift */ = {isa = PBXFileReference; lastKnownFileType = sourcecode.swift; path = "RoundedNavigationTitle-ViewModifier.swift"; sourceTree = "<group>"; };
		8A45C1E228BBC30700A136CC /* ViewModfifier-PresentAlert.swift */ = {isa = PBXFileReference; lastKnownFileType = sourcecode.swift; path = "ViewModfifier-PresentAlert.swift"; sourceTree = "<group>"; };
		8A45C1E428BBEB4000A136CC /* EndSessionViewControllerRepresentable.swift */ = {isa = PBXFileReference; lastKnownFileType = sourcecode.swift; path = EndSessionViewControllerRepresentable.swift; sourceTree = "<group>"; };
		8A45C1E628BBEDCE00A136CC /* HighscoreViewViewcontrollerRepresentable.swift */ = {isa = PBXFileReference; lastKnownFileType = sourcecode.swift; path = HighscoreViewViewcontrollerRepresentable.swift; sourceTree = "<group>"; };
		8A4C4C8628BC327F00B643D1 /* success.wav */ = {isa = PBXFileReference; lastKnownFileType = audio.wav; path = success.wav; sourceTree = "<group>"; };
		8A4C4C8728BC327F00B643D1 /* error.wav */ = {isa = PBXFileReference; lastKnownFileType = audio.wav; path = error.wav; sourceTree = "<group>"; };
		8A4C4C8B28BC34F800B643D1 /* SoundType.swift */ = {isa = PBXFileReference; lastKnownFileType = sourcecode.swift; path = SoundType.swift; sourceTree = "<group>"; };
		8A6703C828A9A77000BBF5F1 /* MainView.swift */ = {isa = PBXFileReference; lastKnownFileType = sourcecode.swift; path = MainView.swift; sourceTree = "<group>"; };
		8A6703CA28A9B32900BBF5F1 /* Constants.swift */ = {isa = PBXFileReference; lastKnownFileType = sourcecode.swift; path = Constants.swift; sourceTree = "<group>"; };
		8A70BEBF28AB7C4000455FF1 /* OnboardingViewController.swift */ = {isa = PBXFileReference; lastKnownFileType = sourcecode.swift; path = OnboardingViewController.swift; sourceTree = "<group>"; };
		8A78F3A428AE5C2900DFA6D5 /* WordError.swift */ = {isa = PBXFileReference; lastKnownFileType = sourcecode.swift; path = WordError.swift; sourceTree = "<group>"; };
		8A78F3B028AE928C00DFA6D5 /* OnboardingPageViewController.swift */ = {isa = PBXFileReference; lastKnownFileType = sourcecode.swift; path = OnboardingPageViewController.swift; sourceTree = "<group>"; };
		8A78F3B828AEBD6A00DFA6D5 /* en */ = {isa = PBXFileReference; lastKnownFileType = text.plist.strings; name = en; path = en.lproj/Localizable.strings; sourceTree = "<group>"; };
		8A78F3BB28AEBD9200DFA6D5 /* de */ = {isa = PBXFileReference; lastKnownFileType = text.plist.strings; name = de; path = de.lproj/Localizable.strings; sourceTree = "<group>"; };
		8A78F3BC28AEBFCD00DFA6D5 /* L10n.swift */ = {isa = PBXFileReference; fileEncoding = 4; lastKnownFileType = sourcecode.swift; path = L10n.swift; sourceTree = "<group>"; };
		8A794FD828B938AB00BC9CE5 /* GameType.swift */ = {isa = PBXFileReference; lastKnownFileType = sourcecode.swift; path = GameType.swift; sourceTree = "<group>"; };
		8A794FDA28B938E700BC9CE5 /* GameServiceProtocol.swift */ = {isa = PBXFileReference; lastKnownFileType = sourcecode.swift; path = GameServiceProtocol.swift; sourceTree = "<group>"; };
		8A87110628B18217004F299F /* AlertData.swift */ = {isa = PBXFileReference; lastKnownFileType = sourcecode.swift; path = AlertData.swift; sourceTree = "<group>"; };
		8A87110B28B1824A004F299F /* AlertPresenter.swift */ = {isa = PBXFileReference; lastKnownFileType = sourcecode.swift; path = AlertPresenter.swift; sourceTree = "<group>"; };
		8A87110D28B281C5004F299F /* PersistenceStore.swift */ = {isa = PBXFileReference; lastKnownFileType = sourcecode.swift; path = PersistenceStore.swift; sourceTree = "<group>"; };
		8A87111128B28216004F299F /* WordScramble.xcdatamodel */ = {isa = PBXFileReference; lastKnownFileType = wrapper.xcdatamodel; path = WordScramble.xcdatamodel; sourceTree = "<group>"; };
		8A87111328B28322004F299F /* Session+CoreDataClass.swift */ = {isa = PBXFileReference; lastKnownFileType = sourcecode.swift; path = "Session+CoreDataClass.swift"; sourceTree = "<group>"; };
		8A87111428B28322004F299F /* Session+CoreDataProperties.swift */ = {isa = PBXFileReference; lastKnownFileType = sourcecode.swift; path = "Session+CoreDataProperties.swift"; sourceTree = "<group>"; };
		8A87111928B2BF5A004F299F /* EndSessionViewController.swift */ = {isa = PBXFileReference; lastKnownFileType = sourcecode.swift; path = EndSessionViewController.swift; sourceTree = "<group>"; };
		8A87111B28B2BF62004F299F /* EndSessionView.swift */ = {isa = PBXFileReference; lastKnownFileType = sourcecode.swift; path = EndSessionView.swift; sourceTree = "<group>"; };
		8A87CC4128B4185900A9643B /* en */ = {isa = PBXFileReference; lastKnownFileType = text.plist.stringsdict; name = en; path = en.lproj/Localizable.stringsdict; sourceTree = "<group>"; };
		8A87CC4228B4185900A9643B /* de */ = {isa = PBXFileReference; lastKnownFileType = text.plist.stringsdict; name = de; path = de.lproj/Localizable.stringsdict; sourceTree = "<group>"; };
		8A99A31928B4A83D00E5ABBF /* WordCell.swift */ = {isa = PBXFileReference; lastKnownFileType = sourcecode.swift; path = WordCell.swift; sourceTree = "<group>"; };
		8A99A31C28B5210300E5ABBF /* WordCellItem.swift */ = {isa = PBXFileReference; lastKnownFileType = sourcecode.swift; path = WordCellItem.swift; sourceTree = "<group>"; };
		8A99A32028B524DC00E5ABBF /* String+Extensions.swift */ = {isa = PBXFileReference; lastKnownFileType = sourcecode.swift; path = "String+Extensions.swift"; sourceTree = "<group>"; };
		8A99A32228B5255400E5ABBF /* HighscoreViewController.swift */ = {isa = PBXFileReference; lastKnownFileType = sourcecode.swift; path = HighscoreViewController.swift; sourceTree = "<group>"; };
		8A99A32428B5256800E5ABBF /* HighscoreView.swift */ = {isa = PBXFileReference; lastKnownFileType = sourcecode.swift; path = HighscoreView.swift; sourceTree = "<group>"; };
		8A99A32728B530BA00E5ABBF /* HighscoreCellItem.swift */ = {isa = PBXFileReference; lastKnownFileType = sourcecode.swift; path = HighscoreCellItem.swift; sourceTree = "<group>"; };
		8A99A32928B5327400E5ABBF /* HighscoreCell.swift */ = {isa = PBXFileReference; lastKnownFileType = sourcecode.swift; path = HighscoreCell.swift; sourceTree = "<group>"; };
		8A99A32B28B552F900E5ABBF /* HighscoreListHeaderCell.swift */ = {isa = PBXFileReference; lastKnownFileType = sourcecode.swift; path = HighscoreListHeaderCell.swift; sourceTree = "<group>"; };
		8AB2DEE328B7F21A00F165B9 /* icon.png */ = {isa = PBXFileReference; lastKnownFileType = image.png; path = icon.png; sourceTree = "<group>"; };
		8ABFC55D28B6162500ACC064 /* HapticsManager.swift */ = {isa = PBXFileReference; fileEncoding = 4; lastKnownFileType = sourcecode.swift; path = HapticsManager.swift; sourceTree = "<group>"; };
		8ACF524F28BAD985008728BB /* Array+Extensions.swift */ = {isa = PBXFileReference; lastKnownFileType = sourcecode.swift; path = "Array+Extensions.swift"; sourceTree = "<group>"; };
		8AD9610A28B3C9B600F443FB /* BasicTextField.swift */ = {isa = PBXFileReference; lastKnownFileType = sourcecode.swift; path = BasicTextField.swift; sourceTree = "<group>"; };
		8ADAB26D28A5911C0083E028 /* WordScramble.app */ = {isa = PBXFileReference; explicitFileType = wrapper.application; includeInIndex = 0; path = WordScramble.app; sourceTree = BUILT_PRODUCTS_DIR; };
		8ADAB27028A5911C0083E028 /* AppDelegate.swift */ = {isa = PBXFileReference; lastKnownFileType = sourcecode.swift; path = AppDelegate.swift; sourceTree = "<group>"; };
		8ADAB27228A5911C0083E028 /* SceneDelegate.swift */ = {isa = PBXFileReference; lastKnownFileType = sourcecode.swift; path = SceneDelegate.swift; sourceTree = "<group>"; };
		8ADAB27428A5911C0083E028 /* MainViewController.swift */ = {isa = PBXFileReference; lastKnownFileType = sourcecode.swift; path = MainViewController.swift; sourceTree = "<group>"; };
		8ADAB27928A5911D0083E028 /* Assets.xcassets */ = {isa = PBXFileReference; lastKnownFileType = folder.assetcatalog; path = Assets.xcassets; sourceTree = "<group>"; };
		8ADAB27E28A5911D0083E028 /* Info.plist */ = {isa = PBXFileReference; lastKnownFileType = text.plist.xml; path = Info.plist; sourceTree = "<group>"; };
		8ADAB28328A5911D0083E028 /* WordScrambleTests.xctest */ = {isa = PBXFileReference; explicitFileType = wrapper.cfbundle; includeInIndex = 0; path = WordScrambleTests.xctest; sourceTree = BUILT_PRODUCTS_DIR; };
		8ADAB28728A5911D0083E028 /* WordScrambleTests.swift */ = {isa = PBXFileReference; lastKnownFileType = sourcecode.swift; path = WordScrambleTests.swift; sourceTree = "<group>"; };
		8ADAB28D28A5911D0083E028 /* WordScrambleUITests.xctest */ = {isa = PBXFileReference; explicitFileType = wrapper.cfbundle; includeInIndex = 0; path = WordScrambleUITests.xctest; sourceTree = BUILT_PRODUCTS_DIR; };
		8ADAB29128A5911D0083E028 /* WordScrambleUITests.swift */ = {isa = PBXFileReference; lastKnownFileType = sourcecode.swift; path = WordScrambleUITests.swift; sourceTree = "<group>"; };
		8ADAB29328A5911E0083E028 /* WordScrambleUITestsLaunchTests.swift */ = {isa = PBXFileReference; lastKnownFileType = sourcecode.swift; path = WordScrambleUITestsLaunchTests.swift; sourceTree = "<group>"; };
		8ADAB2A228A594040083E028 /* startWordsEN.txt */ = {isa = PBXFileReference; fileEncoding = 4; lastKnownFileType = text; path = startWordsEN.txt; sourceTree = "<group>"; };
		8ADAB2A428A5941B0083E028 /* GameService.swift */ = {isa = PBXFileReference; lastKnownFileType = sourcecode.swift; path = GameService.swift; sourceTree = "<group>"; };
/* End PBXFileReference section */

/* Begin PBXFrameworksBuildPhase section */
		8ADAB26A28A5911C0083E028 /* Frameworks */ = {
			isa = PBXFrameworksBuildPhase;
			buildActionMask = 2147483647;
			files = (
			);
			runOnlyForDeploymentPostprocessing = 0;
		};
		8ADAB28028A5911D0083E028 /* Frameworks */ = {
			isa = PBXFrameworksBuildPhase;
			buildActionMask = 2147483647;
			files = (
			);
			runOnlyForDeploymentPostprocessing = 0;
		};
		8ADAB28A28A5911D0083E028 /* Frameworks */ = {
			isa = PBXFrameworksBuildPhase;
			buildActionMask = 2147483647;
			files = (
			);
			runOnlyForDeploymentPostprocessing = 0;
		};
/* End PBXFrameworksBuildPhase section */

/* Begin PBXGroup section */
		8A3F79D328AC55E90058A272 /* GameService */ = {
			isa = PBXGroup;
			children = (
				8A794FD828B938AB00BC9CE5 /* GameType.swift */,
				8ADAB2A428A5941B0083E028 /* GameService.swift */,
				8A794FDA28B938E700BC9CE5 /* GameServiceProtocol.swift */,
				8A78F3A428AE5C2900DFA6D5 /* WordError.swift */,
				8ADAB2A228A594040083E028 /* startWordsEN.txt */,
				8A3F79CE28AC4E7F0058A272 /* startWordsDE.txt */,
				8A3F79D128AC55CF0058A272 /* allWords8LettersDE.txt */,
				8A3F79D428AC59810058A272 /* allWords8LettersEN.txt */,
				8A3F79CD28AC4E7F0058A272 /* wordlist-german.txt */,
			);
			path = GameService;
			sourceTree = "<group>";
		};
		8A3F79D828ACD4940058A272 /* MenuView */ = {
			isa = PBXGroup;
			children = (
				8A3F79D928ACD4A60058A272 /* MenuViewController.swift */,
				8A45C1DD28BB909500A136CC /* MenuView-SwiftUI.swift */,
				8A3F79DB28ACD4D30058A272 /* MenuView.swift */,
				8A45C1E228BBC30700A136CC /* ViewModfifier-PresentAlert.swift */,
			);
			path = MenuView;
			sourceTree = "<group>";
		};
		8A45C1E128BB978200A136CC /* ViewModifier */ = {
			isa = PBXGroup;
			children = (
				8A45C1DF28BB977400A136CC /* RoundedNavigationTitle-ViewModifier.swift */,
			);
			path = ViewModifier;
			sourceTree = "<group>";
		};
		8A4C4C8A28BC34EB00B643D1 /* Sounds */ = {
			isa = PBXGroup;
			children = (
				8A4C4C8628BC327F00B643D1 /* success.wav */,
				8A4C4C8728BC327F00B643D1 /* error.wav */,
			);
			path = Sounds;
			sourceTree = "<group>";
		};
		8A70BEC128AB7C4300455FF1 /* Onboarding */ = {
			isa = PBXGroup;
			children = (
				8A70BEBF28AB7C4000455FF1 /* OnboardingViewController.swift */,
				8A78F3B028AE928C00DFA6D5 /* OnboardingPageViewController.swift */,
			);
			path = Onboarding;
			sourceTree = "<group>";
		};
		8A70BEC228AB7C4C00455FF1 /* Helper */ = {
			isa = PBXGroup;
			children = (
				8A45C1E128BB978200A136CC /* ViewModifier */,
				8A87110828B18234004F299F /* AlertPresenter */,
				8A99A31F28B5248700E5ABBF /* Extensions */,
				8A6703CA28A9B32900BBF5F1 /* Constants.swift */,
				8AD9610A28B3C9B600F443FB /* BasicTextField.swift */,
				8ABFC55D28B6162500ACC064 /* HapticsManager.swift */,
			);
			path = Helper;
			sourceTree = "<group>";
		};
		8A70BEC328AB7C5A00455FF1 /* MainView */ = {
			isa = PBXGroup;
			children = (
				8ADAB27428A5911C0083E028 /* MainViewController.swift */,
				8A6703C828A9A77000BBF5F1 /* MainView.swift */,
				8A99A31928B4A83D00E5ABBF /* WordCell.swift */,
			);
			path = MainView;
			sourceTree = "<group>";
		};
		8A78F3B628AEB9A200DFA6D5 /* Resources */ = {
			isa = PBXGroup;
			children = (
				8A4C4C8A28BC34EB00B643D1 /* Sounds */,
				8AB2DEE328B7F21A00F165B9 /* icon.png */,
				8A78F3BC28AEBFCD00DFA6D5 /* L10n.swift */,
				8A87CC4028B4185900A9643B /* Localizable.stringsdict */,
				8A78F3B928AEBD6A00DFA6D5 /* Localizable.strings */,
			);
			path = Resources;
			sourceTree = "<group>";
		};
		8A87110828B18234004F299F /* AlertPresenter */ = {
			isa = PBXGroup;
			children = (
				8A87110628B18217004F299F /* AlertData.swift */,
				8A87110B28B1824A004F299F /* AlertPresenter.swift */,
			);
			path = AlertPresenter;
			sourceTree = "<group>";
		};
		8A87110F28B281F5004F299F /* PersistenceStore */ = {
			isa = PBXGroup;
			children = (
				8A3F79DD28ACE42C0058A272 /* SessionService.swift */,
				8A87110D28B281C5004F299F /* PersistenceStore.swift */,
				8A87111328B28322004F299F /* Session+CoreDataClass.swift */,
				8A87111428B28322004F299F /* Session+CoreDataProperties.swift */,
				8A87111028B28216004F299F /* WordScramble.xcdatamodeld */,
			);
			path = PersistenceStore;
			sourceTree = "<group>";
		};
		8A87111728B284F9004F299F /* Views */ = {
			isa = PBXGroup;
			children = (
				8A70BEC328AB7C5A00455FF1 /* MainView */,
				8A3F79D828ACD4940058A272 /* MenuView */,
				8A87111828B2BF33004F299F /* EndSessionView */,
				8A99A32628B5257000E5ABBF /* HighscoreView */,
				8A70BEC128AB7C4300455FF1 /* Onboarding */,
			);
			path = Views;
			sourceTree = "<group>";
		};
		8A87111828B2BF33004F299F /* EndSessionView */ = {
			isa = PBXGroup;
			children = (
				8A87111928B2BF5A004F299F /* EndSessionViewController.swift */,
				8A87111B28B2BF62004F299F /* EndSessionView.swift */,
				8A45C1E428BBEB4000A136CC /* EndSessionViewControllerRepresentable.swift */,
			);
			path = EndSessionView;
			sourceTree = "<group>";
		};
		8A99A31B28B520EF00E5ABBF /* Models */ = {
			isa = PBXGroup;
			children = (
				8A99A31C28B5210300E5ABBF /* WordCellItem.swift */,
				8A99A32728B530BA00E5ABBF /* HighscoreCellItem.swift */,
				8A4C4C8B28BC34F800B643D1 /* SoundType.swift */,
			);
			path = Models;
			sourceTree = "<group>";
		};
		8A99A31F28B5248700E5ABBF /* Extensions */ = {
			isa = PBXGroup;
			children = (
				8A99A32028B524DC00E5ABBF /* String+Extensions.swift */,
				8ACF524F28BAD985008728BB /* Array+Extensions.swift */,
			);
			path = Extensions;
			sourceTree = "<group>";
		};
		8A99A32628B5257000E5ABBF /* HighscoreView */ = {
			isa = PBXGroup;
			children = (
				8A99A32228B5255400E5ABBF /* HighscoreViewController.swift */,
				8A99A32428B5256800E5ABBF /* HighscoreView.swift */,
				8A99A32928B5327400E5ABBF /* HighscoreCell.swift */,
				8A99A32B28B552F900E5ABBF /* HighscoreListHeaderCell.swift */,
				8A45C1E628BBEDCE00A136CC /* HighscoreViewViewcontrollerRepresentable.swift */,
			);
			path = HighscoreView;
			sourceTree = "<group>";
		};
		8ADAB26428A5911C0083E028 = {
			isa = PBXGroup;
			children = (
				8ADAB26F28A5911C0083E028 /* WordScramble */,
				8ADAB28628A5911D0083E028 /* WordScrambleTests */,
				8ADAB29028A5911D0083E028 /* WordScrambleUITests */,
				8ADAB26E28A5911C0083E028 /* Products */,
			);
			sourceTree = "<group>";
		};
		8ADAB26E28A5911C0083E028 /* Products */ = {
			isa = PBXGroup;
			children = (
				8ADAB26D28A5911C0083E028 /* WordScramble.app */,
				8ADAB28328A5911D0083E028 /* WordScrambleTests.xctest */,
				8ADAB28D28A5911D0083E028 /* WordScrambleUITests.xctest */,
			);
			name = Products;
			sourceTree = "<group>";
		};
		8ADAB26F28A5911C0083E028 /* WordScramble */ = {
			isa = PBXGroup;
			children = (
				8ADAB27028A5911C0083E028 /* AppDelegate.swift */,
				8ADAB27228A5911C0083E028 /* SceneDelegate.swift */,
				8A99A31B28B520EF00E5ABBF /* Models */,
				8A87111728B284F9004F299F /* Views */,
				8A70BEC228AB7C4C00455FF1 /* Helper */,
				8A3F79D328AC55E90058A272 /* GameService */,
				8A87110F28B281F5004F299F /* PersistenceStore */,
				8A78F3B628AEB9A200DFA6D5 /* Resources */,
				8ADAB27928A5911D0083E028 /* Assets.xcassets */,
				8ADAB27E28A5911D0083E028 /* Info.plist */,
			);
			path = WordScramble;
			sourceTree = "<group>";
		};
		8ADAB28628A5911D0083E028 /* WordScrambleTests */ = {
			isa = PBXGroup;
			children = (
				8ADAB28728A5911D0083E028 /* WordScrambleTests.swift */,
			);
			path = WordScrambleTests;
			sourceTree = "<group>";
		};
		8ADAB29028A5911D0083E028 /* WordScrambleUITests */ = {
			isa = PBXGroup;
			children = (
				8ADAB29128A5911D0083E028 /* WordScrambleUITests.swift */,
				8ADAB29328A5911E0083E028 /* WordScrambleUITestsLaunchTests.swift */,
			);
			path = WordScrambleUITests;
			sourceTree = "<group>";
		};
/* End PBXGroup section */

/* Begin PBXNativeTarget section */
		8ADAB26C28A5911C0083E028 /* WordScramble */ = {
			isa = PBXNativeTarget;
			buildConfigurationList = 8ADAB29728A5911E0083E028 /* Build configuration list for PBXNativeTarget "WordScramble" */;
			buildPhases = (
				8ADAB26928A5911C0083E028 /* Sources */,
				8ADAB26A28A5911C0083E028 /* Frameworks */,
				8ADAB26B28A5911C0083E028 /* Resources */,
			);
			buildRules = (
			);
			dependencies = (
			);
			name = WordScramble;
			productName = WordScramble;
			productReference = 8ADAB26D28A5911C0083E028 /* WordScramble.app */;
			productType = "com.apple.product-type.application";
		};
		8ADAB28228A5911D0083E028 /* WordScrambleTests */ = {
			isa = PBXNativeTarget;
			buildConfigurationList = 8ADAB29A28A5911E0083E028 /* Build configuration list for PBXNativeTarget "WordScrambleTests" */;
			buildPhases = (
				8ADAB27F28A5911D0083E028 /* Sources */,
				8ADAB28028A5911D0083E028 /* Frameworks */,
				8ADAB28128A5911D0083E028 /* Resources */,
			);
			buildRules = (
			);
			dependencies = (
				8ADAB28528A5911D0083E028 /* PBXTargetDependency */,
			);
			name = WordScrambleTests;
			productName = WordScrambleTests;
			productReference = 8ADAB28328A5911D0083E028 /* WordScrambleTests.xctest */;
			productType = "com.apple.product-type.bundle.unit-test";
		};
		8ADAB28C28A5911D0083E028 /* WordScrambleUITests */ = {
			isa = PBXNativeTarget;
			buildConfigurationList = 8ADAB29D28A5911E0083E028 /* Build configuration list for PBXNativeTarget "WordScrambleUITests" */;
			buildPhases = (
				8ADAB28928A5911D0083E028 /* Sources */,
				8ADAB28A28A5911D0083E028 /* Frameworks */,
				8ADAB28B28A5911D0083E028 /* Resources */,
			);
			buildRules = (
			);
			dependencies = (
				8ADAB28F28A5911D0083E028 /* PBXTargetDependency */,
			);
			name = WordScrambleUITests;
			productName = WordScrambleUITests;
			productReference = 8ADAB28D28A5911D0083E028 /* WordScrambleUITests.xctest */;
			productType = "com.apple.product-type.bundle.ui-testing";
		};
/* End PBXNativeTarget section */

/* Begin PBXProject section */
		8ADAB26528A5911C0083E028 /* Project object */ = {
			isa = PBXProject;
			attributes = {
				BuildIndependentTargetsInParallel = 1;
				LastSwiftUpdateCheck = 1400;
				LastUpgradeCheck = 1400;
				TargetAttributes = {
					8ADAB26C28A5911C0083E028 = {
						CreatedOnToolsVersion = 14.0;
					};
					8ADAB28228A5911D0083E028 = {
						CreatedOnToolsVersion = 14.0;
						TestTargetID = 8ADAB26C28A5911C0083E028;
					};
					8ADAB28C28A5911D0083E028 = {
						CreatedOnToolsVersion = 14.0;
						TestTargetID = 8ADAB26C28A5911C0083E028;
					};
				};
			};
			buildConfigurationList = 8ADAB26828A5911C0083E028 /* Build configuration list for PBXProject "WordScramble" */;
			compatibilityVersion = "Xcode 14.0";
			developmentRegion = en;
			hasScannedForEncodings = 0;
			knownRegions = (
				en,
				Base,
				de,
			);
			mainGroup = 8ADAB26428A5911C0083E028;
			productRefGroup = 8ADAB26E28A5911C0083E028 /* Products */;
			projectDirPath = "";
			projectRoot = "";
			targets = (
				8ADAB26C28A5911C0083E028 /* WordScramble */,
				8ADAB28228A5911D0083E028 /* WordScrambleTests */,
				8ADAB28C28A5911D0083E028 /* WordScrambleUITests */,
			);
		};
/* End PBXProject section */

/* Begin PBXResourcesBuildPhase section */
		8ADAB26B28A5911C0083E028 /* Resources */ = {
			isa = PBXResourcesBuildPhase;
			buildActionMask = 2147483647;
			files = (
				8A3F79D528AC59810058A272 /* allWords8LettersEN.txt in Resources */,
				8A3F79CF28AC4E7F0058A272 /* wordlist-german.txt in Resources */,
				8A87CC4328B4185900A9643B /* Localizable.stringsdict in Resources */,
				8A4C4C8828BC327F00B643D1 /* success.wav in Resources */,
				8A3F79D028AC4E7F0058A272 /* startWordsDE.txt in Resources */,
				8A3F79D228AC55CF0058A272 /* allWords8LettersDE.txt in Resources */,
				8A78F3B728AEBD6A00DFA6D5 /* Localizable.strings in Resources */,
				8A4C4C8928BC327F00B643D1 /* error.wav in Resources */,
				8AB2DEE428B7F21A00F165B9 /* icon.png in Resources */,
				8ADAB2A328A594040083E028 /* startWordsEN.txt in Resources */,
				8ADAB27A28A5911D0083E028 /* Assets.xcassets in Resources */,
			);
			runOnlyForDeploymentPostprocessing = 0;
		};
		8ADAB28128A5911D0083E028 /* Resources */ = {
			isa = PBXResourcesBuildPhase;
			buildActionMask = 2147483647;
			files = (
			);
			runOnlyForDeploymentPostprocessing = 0;
		};
		8ADAB28B28A5911D0083E028 /* Resources */ = {
			isa = PBXResourcesBuildPhase;
			buildActionMask = 2147483647;
			files = (
			);
			runOnlyForDeploymentPostprocessing = 0;
		};
/* End PBXResourcesBuildPhase section */

/* Begin PBXSourcesBuildPhase section */
		8ADAB26928A5911C0083E028 /* Sources */ = {
			isa = PBXSourcesBuildPhase;
			buildActionMask = 2147483647;
			files = (
				8ADAB2A528A5941B0083E028 /* GameService.swift in Sources */,
				8A6703C928A9A77000BBF5F1 /* MainView.swift in Sources */,
				8A3F79DE28ACE42C0058A272 /* SessionService.swift in Sources */,
				8A99A32828B530BA00E5ABBF /* HighscoreCellItem.swift in Sources */,
				8ADAB27528A5911C0083E028 /* MainViewController.swift in Sources */,
				8A45C1DE28BB909500A136CC /* MenuView-SwiftUI.swift in Sources */,
				8A794FD928B938AB00BC9CE5 /* GameType.swift in Sources */,
				8A70BEC028AB7C4000455FF1 /* OnboardingViewController.swift in Sources */,
				8A99A32528B5256800E5ABBF /* HighscoreView.swift in Sources */,
				8A4C4C8C28BC34F800B643D1 /* SoundType.swift in Sources */,
				8A78F3B128AE928C00DFA6D5 /* OnboardingPageViewController.swift in Sources */,
				8A3F79DA28ACD4A60058A272 /* MenuViewController.swift in Sources */,
				8A87111628B28322004F299F /* Session+CoreDataProperties.swift in Sources */,
				8A794FDB28B938E700BC9CE5 /* GameServiceProtocol.swift in Sources */,
				8A3F79DC28ACD4D30058A272 /* MenuView.swift in Sources */,
				8A45C1E028BB977400A136CC /* RoundedNavigationTitle-ViewModifier.swift in Sources */,
				8A99A32328B5255400E5ABBF /* HighscoreViewController.swift in Sources */,
				8A87111528B28322004F299F /* Session+CoreDataClass.swift in Sources */,
				8A45C1E728BBEDCE00A136CC /* HighscoreViewViewcontrollerRepresentable.swift in Sources */,
				8AD9610B28B3C9B600F443FB /* BasicTextField.swift in Sources */,
				8A99A31D28B5210300E5ABBF /* WordCellItem.swift in Sources */,
				8A99A31A28B4A83D00E5ABBF /* WordCell.swift in Sources */,
				8A87111228B28216004F299F /* WordScramble.xcdatamodeld in Sources */,
				8A99A32128B524DC00E5ABBF /* String+Extensions.swift in Sources */,
				8A99A32A28B5327400E5ABBF /* HighscoreCell.swift in Sources */,
				8A78F3A528AE5C2900DFA6D5 /* WordError.swift in Sources */,
				8A87110C28B1824A004F299F /* AlertPresenter.swift in Sources */,
				8ABFC55E28B6162500ACC064 /* HapticsManager.swift in Sources */,
				8A6703CB28A9B32900BBF5F1 /* Constants.swift in Sources */,
				8ACF525028BAD985008728BB /* Array+Extensions.swift in Sources */,
				8A45C1E528BBEB4000A136CC /* EndSessionViewControllerRepresentable.swift in Sources */,
				8A87110728B18217004F299F /* AlertData.swift in Sources */,
				8A87111A28B2BF5A004F299F /* EndSessionViewController.swift in Sources */,
				8ADAB27128A5911C0083E028 /* AppDelegate.swift in Sources */,
				8A45C1E328BBC30700A136CC /* ViewModfifier-PresentAlert.swift in Sources */,
				8ADAB27328A5911C0083E028 /* SceneDelegate.swift in Sources */,
				8A99A32C28B552F900E5ABBF /* HighscoreListHeaderCell.swift in Sources */,
				8A78F3BD28AEBFCD00DFA6D5 /* L10n.swift in Sources */,
				8A87111C28B2BF62004F299F /* EndSessionView.swift in Sources */,
				8A87110E28B281C5004F299F /* PersistenceStore.swift in Sources */,
			);
			runOnlyForDeploymentPostprocessing = 0;
		};
		8ADAB27F28A5911D0083E028 /* Sources */ = {
			isa = PBXSourcesBuildPhase;
			buildActionMask = 2147483647;
			files = (
				8ADAB28828A5911D0083E028 /* WordScrambleTests.swift in Sources */,
			);
			runOnlyForDeploymentPostprocessing = 0;
		};
		8ADAB28928A5911D0083E028 /* Sources */ = {
			isa = PBXSourcesBuildPhase;
			buildActionMask = 2147483647;
			files = (
				8ADAB29228A5911D0083E028 /* WordScrambleUITests.swift in Sources */,
				8ADAB29428A5911E0083E028 /* WordScrambleUITestsLaunchTests.swift in Sources */,
			);
			runOnlyForDeploymentPostprocessing = 0;
		};
/* End PBXSourcesBuildPhase section */

/* Begin PBXTargetDependency section */
		8ADAB28528A5911D0083E028 /* PBXTargetDependency */ = {
			isa = PBXTargetDependency;
			target = 8ADAB26C28A5911C0083E028 /* WordScramble */;
			targetProxy = 8ADAB28428A5911D0083E028 /* PBXContainerItemProxy */;
		};
		8ADAB28F28A5911D0083E028 /* PBXTargetDependency */ = {
			isa = PBXTargetDependency;
			target = 8ADAB26C28A5911C0083E028 /* WordScramble */;
			targetProxy = 8ADAB28E28A5911D0083E028 /* PBXContainerItemProxy */;
		};
/* End PBXTargetDependency section */

/* Begin PBXVariantGroup section */
		8A78F3B928AEBD6A00DFA6D5 /* Localizable.strings */ = {
			isa = PBXVariantGroup;
			children = (
				8A78F3B828AEBD6A00DFA6D5 /* en */,
				8A78F3BB28AEBD9200DFA6D5 /* de */,
			);
			name = Localizable.strings;
			sourceTree = "<group>";
		};
		8A87CC4028B4185900A9643B /* Localizable.stringsdict */ = {
			isa = PBXVariantGroup;
			children = (
				8A87CC4128B4185900A9643B /* en */,
				8A87CC4228B4185900A9643B /* de */,
			);
			name = Localizable.stringsdict;
			sourceTree = "<group>";
		};
/* End PBXVariantGroup section */

/* Begin XCBuildConfiguration section */
		8ADAB29528A5911E0083E028 /* Debug */ = {
			isa = XCBuildConfiguration;
			buildSettings = {
				ALWAYS_SEARCH_USER_PATHS = NO;
				CLANG_ANALYZER_LOCALIZABILITY_NONLOCALIZED = YES;
				CLANG_ANALYZER_NONNULL = YES;
				CLANG_ANALYZER_NUMBER_OBJECT_CONVERSION = YES_AGGRESSIVE;
				CLANG_CXX_LANGUAGE_STANDARD = "gnu++20";
				CLANG_ENABLE_MODULES = YES;
				CLANG_ENABLE_OBJC_ARC = YES;
				CLANG_ENABLE_OBJC_WEAK = YES;
				CLANG_WARN_BLOCK_CAPTURE_AUTORELEASING = YES;
				CLANG_WARN_BOOL_CONVERSION = YES;
				CLANG_WARN_COMMA = YES;
				CLANG_WARN_CONSTANT_CONVERSION = YES;
				CLANG_WARN_DEPRECATED_OBJC_IMPLEMENTATIONS = YES;
				CLANG_WARN_DIRECT_OBJC_ISA_USAGE = YES_ERROR;
				CLANG_WARN_DOCUMENTATION_COMMENTS = YES;
				CLANG_WARN_EMPTY_BODY = YES;
				CLANG_WARN_ENUM_CONVERSION = YES;
				CLANG_WARN_INFINITE_RECURSION = YES;
				CLANG_WARN_INT_CONVERSION = YES;
				CLANG_WARN_NON_LITERAL_NULL_CONVERSION = YES;
				CLANG_WARN_OBJC_IMPLICIT_RETAIN_SELF = YES;
				CLANG_WARN_OBJC_LITERAL_CONVERSION = YES;
				CLANG_WARN_OBJC_ROOT_CLASS = YES_ERROR;
				CLANG_WARN_QUOTED_INCLUDE_IN_FRAMEWORK_HEADER = YES;
				CLANG_WARN_RANGE_LOOP_ANALYSIS = YES;
				CLANG_WARN_STRICT_PROTOTYPES = YES;
				CLANG_WARN_SUSPICIOUS_MOVE = YES;
				CLANG_WARN_UNGUARDED_AVAILABILITY = YES_AGGRESSIVE;
				CLANG_WARN_UNREACHABLE_CODE = YES;
				CLANG_WARN__DUPLICATE_METHOD_MATCH = YES;
				COPY_PHASE_STRIP = NO;
				DEBUG_INFORMATION_FORMAT = dwarf;
				ENABLE_STRICT_OBJC_MSGSEND = YES;
				ENABLE_TESTABILITY = YES;
				GCC_C_LANGUAGE_STANDARD = gnu11;
				GCC_DYNAMIC_NO_PIC = NO;
				GCC_NO_COMMON_BLOCKS = YES;
				GCC_OPTIMIZATION_LEVEL = 0;
				GCC_PREPROCESSOR_DEFINITIONS = (
					"DEBUG=1",
					"$(inherited)",
				);
				GCC_WARN_64_TO_32_BIT_CONVERSION = YES;
				GCC_WARN_ABOUT_RETURN_TYPE = YES_ERROR;
				GCC_WARN_UNDECLARED_SELECTOR = YES;
				GCC_WARN_UNINITIALIZED_AUTOS = YES_AGGRESSIVE;
				GCC_WARN_UNUSED_FUNCTION = YES;
				GCC_WARN_UNUSED_VARIABLE = YES;
				IPHONEOS_DEPLOYMENT_TARGET = 15.0;
				MTL_ENABLE_DEBUG_INFO = INCLUDE_SOURCE;
				MTL_FAST_MATH = YES;
				ONLY_ACTIVE_ARCH = YES;
				SDKROOT = iphoneos;
				SWIFT_ACTIVE_COMPILATION_CONDITIONS = DEBUG;
				SWIFT_OPTIMIZATION_LEVEL = "-Onone";
			};
			name = Debug;
		};
		8ADAB29628A5911E0083E028 /* Release */ = {
			isa = XCBuildConfiguration;
			buildSettings = {
				ALWAYS_SEARCH_USER_PATHS = NO;
				CLANG_ANALYZER_LOCALIZABILITY_NONLOCALIZED = YES;
				CLANG_ANALYZER_NONNULL = YES;
				CLANG_ANALYZER_NUMBER_OBJECT_CONVERSION = YES_AGGRESSIVE;
				CLANG_CXX_LANGUAGE_STANDARD = "gnu++20";
				CLANG_ENABLE_MODULES = YES;
				CLANG_ENABLE_OBJC_ARC = YES;
				CLANG_ENABLE_OBJC_WEAK = YES;
				CLANG_WARN_BLOCK_CAPTURE_AUTORELEASING = YES;
				CLANG_WARN_BOOL_CONVERSION = YES;
				CLANG_WARN_COMMA = YES;
				CLANG_WARN_CONSTANT_CONVERSION = YES;
				CLANG_WARN_DEPRECATED_OBJC_IMPLEMENTATIONS = YES;
				CLANG_WARN_DIRECT_OBJC_ISA_USAGE = YES_ERROR;
				CLANG_WARN_DOCUMENTATION_COMMENTS = YES;
				CLANG_WARN_EMPTY_BODY = YES;
				CLANG_WARN_ENUM_CONVERSION = YES;
				CLANG_WARN_INFINITE_RECURSION = YES;
				CLANG_WARN_INT_CONVERSION = YES;
				CLANG_WARN_NON_LITERAL_NULL_CONVERSION = YES;
				CLANG_WARN_OBJC_IMPLICIT_RETAIN_SELF = YES;
				CLANG_WARN_OBJC_LITERAL_CONVERSION = YES;
				CLANG_WARN_OBJC_ROOT_CLASS = YES_ERROR;
				CLANG_WARN_QUOTED_INCLUDE_IN_FRAMEWORK_HEADER = YES;
				CLANG_WARN_RANGE_LOOP_ANALYSIS = YES;
				CLANG_WARN_STRICT_PROTOTYPES = YES;
				CLANG_WARN_SUSPICIOUS_MOVE = YES;
				CLANG_WARN_UNGUARDED_AVAILABILITY = YES_AGGRESSIVE;
				CLANG_WARN_UNREACHABLE_CODE = YES;
				CLANG_WARN__DUPLICATE_METHOD_MATCH = YES;
				COPY_PHASE_STRIP = NO;
				DEBUG_INFORMATION_FORMAT = "dwarf-with-dsym";
				ENABLE_NS_ASSERTIONS = NO;
				ENABLE_STRICT_OBJC_MSGSEND = YES;
				GCC_C_LANGUAGE_STANDARD = gnu11;
				GCC_NO_COMMON_BLOCKS = YES;
				GCC_WARN_64_TO_32_BIT_CONVERSION = YES;
				GCC_WARN_ABOUT_RETURN_TYPE = YES_ERROR;
				GCC_WARN_UNDECLARED_SELECTOR = YES;
				GCC_WARN_UNINITIALIZED_AUTOS = YES_AGGRESSIVE;
				GCC_WARN_UNUSED_FUNCTION = YES;
				GCC_WARN_UNUSED_VARIABLE = YES;
				IPHONEOS_DEPLOYMENT_TARGET = 15.0;
				MTL_ENABLE_DEBUG_INFO = NO;
				MTL_FAST_MATH = YES;
				SDKROOT = iphoneos;
				SWIFT_COMPILATION_MODE = wholemodule;
				SWIFT_OPTIMIZATION_LEVEL = "-O";
				VALIDATE_PRODUCT = YES;
			};
			name = Release;
		};
		8ADAB29828A5911E0083E028 /* Debug */ = {
			isa = XCBuildConfiguration;
			buildSettings = {
				ASSETCATALOG_COMPILER_APPICON_NAME = AppIcon;
				ASSETCATALOG_COMPILER_GLOBAL_ACCENT_COLOR_NAME = AccentColor;
				CODE_SIGN_STYLE = Automatic;
				CURRENT_PROJECT_VERSION = 1;
				DEVELOPMENT_TEAM = 8KAQMJ37RH;
				GENERATE_INFOPLIST_FILE = YES;
				INFOPLIST_FILE = WordScramble/Info.plist;
				INFOPLIST_KEY_LSApplicationCategoryType = "public.app-category.word-games";
				INFOPLIST_KEY_UIApplicationSupportsIndirectInputEvents = YES;
				INFOPLIST_KEY_UILaunchStoryboardName = LaunchScreen;
				INFOPLIST_KEY_UISupportedInterfaceOrientations = UIInterfaceOrientationPortrait;
				LD_RUNPATH_SEARCH_PATHS = (
					"$(inherited)",
					"@executable_path/Frameworks",
				);
				MARKETING_VERSION = 1.0;
				PRODUCT_BUNDLE_IDENTIFIER = com.marvinlee.WordScramble;
				PRODUCT_NAME = "$(TARGET_NAME)";
				SWIFT_EMIT_LOC_STRINGS = YES;
				SWIFT_VERSION = 5.0;
				TARGETED_DEVICE_FAMILY = "1,2";
			};
			name = Debug;
		};
		8ADAB29928A5911E0083E028 /* Release */ = {
			isa = XCBuildConfiguration;
			buildSettings = {
				ASSETCATALOG_COMPILER_APPICON_NAME = AppIcon;
				ASSETCATALOG_COMPILER_GLOBAL_ACCENT_COLOR_NAME = AccentColor;
				CODE_SIGN_STYLE = Automatic;
				CURRENT_PROJECT_VERSION = 1;
				DEVELOPMENT_TEAM = 8KAQMJ37RH;
				GENERATE_INFOPLIST_FILE = YES;
				INFOPLIST_FILE = WordScramble/Info.plist;
				INFOPLIST_KEY_LSApplicationCategoryType = "public.app-category.word-games";
				INFOPLIST_KEY_UIApplicationSupportsIndirectInputEvents = YES;
				INFOPLIST_KEY_UILaunchStoryboardName = LaunchScreen;
				INFOPLIST_KEY_UISupportedInterfaceOrientations = UIInterfaceOrientationPortrait;
				LD_RUNPATH_SEARCH_PATHS = (
					"$(inherited)",
					"@executable_path/Frameworks",
				);
				MARKETING_VERSION = 1.0;
				PRODUCT_BUNDLE_IDENTIFIER = com.marvinlee.WordScramble;
				PRODUCT_NAME = "$(TARGET_NAME)";
				SWIFT_EMIT_LOC_STRINGS = YES;
				SWIFT_VERSION = 5.0;
				TARGETED_DEVICE_FAMILY = "1,2";
			};
			name = Release;
		};
		8ADAB29B28A5911E0083E028 /* Debug */ = {
			isa = XCBuildConfiguration;
			buildSettings = {
				ALWAYS_EMBED_SWIFT_STANDARD_LIBRARIES = YES;
				BUNDLE_LOADER = "$(TEST_HOST)";
				CODE_SIGN_STYLE = Automatic;
				CURRENT_PROJECT_VERSION = 1;
				DEVELOPMENT_TEAM = 8KAQMJ37RH;
				GENERATE_INFOPLIST_FILE = YES;
				IPHONEOS_DEPLOYMENT_TARGET = 16.0;
				MARKETING_VERSION = 1.0;
				PRODUCT_BUNDLE_IDENTIFIER = com.marvinlee.WordScrambleTests;
				PRODUCT_NAME = "$(TARGET_NAME)";
				SWIFT_EMIT_LOC_STRINGS = NO;
				SWIFT_VERSION = 5.0;
				TARGETED_DEVICE_FAMILY = "1,2";
				TEST_HOST = "$(BUILT_PRODUCTS_DIR)/WordScramble.app/$(BUNDLE_EXECUTABLE_FOLDER_PATH)/WordScramble";
			};
			name = Debug;
		};
		8ADAB29C28A5911E0083E028 /* Release */ = {
			isa = XCBuildConfiguration;
			buildSettings = {
				ALWAYS_EMBED_SWIFT_STANDARD_LIBRARIES = YES;
				BUNDLE_LOADER = "$(TEST_HOST)";
				CODE_SIGN_STYLE = Automatic;
				CURRENT_PROJECT_VERSION = 1;
				DEVELOPMENT_TEAM = 8KAQMJ37RH;
				GENERATE_INFOPLIST_FILE = YES;
				IPHONEOS_DEPLOYMENT_TARGET = 16.0;
				MARKETING_VERSION = 1.0;
				PRODUCT_BUNDLE_IDENTIFIER = com.marvinlee.WordScrambleTests;
				PRODUCT_NAME = "$(TARGET_NAME)";
				SWIFT_EMIT_LOC_STRINGS = NO;
				SWIFT_VERSION = 5.0;
				TARGETED_DEVICE_FAMILY = "1,2";
				TEST_HOST = "$(BUILT_PRODUCTS_DIR)/WordScramble.app/$(BUNDLE_EXECUTABLE_FOLDER_PATH)/WordScramble";
			};
			name = Release;
		};
		8ADAB29E28A5911E0083E028 /* Debug */ = {
			isa = XCBuildConfiguration;
			buildSettings = {
				ALWAYS_EMBED_SWIFT_STANDARD_LIBRARIES = YES;
				CODE_SIGN_STYLE = Automatic;
				CURRENT_PROJECT_VERSION = 1;
				DEVELOPMENT_TEAM = 8KAQMJ37RH;
				GENERATE_INFOPLIST_FILE = YES;
				MARKETING_VERSION = 1.0;
				PRODUCT_BUNDLE_IDENTIFIER = com.marvinlee.WordScrambleUITests;
				PRODUCT_NAME = "$(TARGET_NAME)";
				SWIFT_EMIT_LOC_STRINGS = NO;
				SWIFT_VERSION = 5.0;
				TARGETED_DEVICE_FAMILY = "1,2";
				TEST_TARGET_NAME = WordScramble;
			};
			name = Debug;
		};
		8ADAB29F28A5911E0083E028 /* Release */ = {
			isa = XCBuildConfiguration;
			buildSettings = {
				ALWAYS_EMBED_SWIFT_STANDARD_LIBRARIES = YES;
				CODE_SIGN_STYLE = Automatic;
				CURRENT_PROJECT_VERSION = 1;
				DEVELOPMENT_TEAM = 8KAQMJ37RH;
				GENERATE_INFOPLIST_FILE = YES;
				MARKETING_VERSION = 1.0;
				PRODUCT_BUNDLE_IDENTIFIER = com.marvinlee.WordScrambleUITests;
				PRODUCT_NAME = "$(TARGET_NAME)";
				SWIFT_EMIT_LOC_STRINGS = NO;
				SWIFT_VERSION = 5.0;
				TARGETED_DEVICE_FAMILY = "1,2";
				TEST_TARGET_NAME = WordScramble;
			};
			name = Release;
		};
/* End XCBuildConfiguration section */

/* Begin XCConfigurationList section */
		8ADAB26828A5911C0083E028 /* Build configuration list for PBXProject "WordScramble" */ = {
			isa = XCConfigurationList;
			buildConfigurations = (
				8ADAB29528A5911E0083E028 /* Debug */,
				8ADAB29628A5911E0083E028 /* Release */,
			);
			defaultConfigurationIsVisible = 0;
			defaultConfigurationName = Release;
		};
		8ADAB29728A5911E0083E028 /* Build configuration list for PBXNativeTarget "WordScramble" */ = {
			isa = XCConfigurationList;
			buildConfigurations = (
				8ADAB29828A5911E0083E028 /* Debug */,
				8ADAB29928A5911E0083E028 /* Release */,
			);
			defaultConfigurationIsVisible = 0;
			defaultConfigurationName = Release;
		};
		8ADAB29A28A5911E0083E028 /* Build configuration list for PBXNativeTarget "WordScrambleTests" */ = {
			isa = XCConfigurationList;
			buildConfigurations = (
				8ADAB29B28A5911E0083E028 /* Debug */,
				8ADAB29C28A5911E0083E028 /* Release */,
			);
			defaultConfigurationIsVisible = 0;
			defaultConfigurationName = Release;
		};
		8ADAB29D28A5911E0083E028 /* Build configuration list for PBXNativeTarget "WordScrambleUITests" */ = {
			isa = XCConfigurationList;
			buildConfigurations = (
				8ADAB29E28A5911E0083E028 /* Debug */,
				8ADAB29F28A5911E0083E028 /* Release */,
			);
			defaultConfigurationIsVisible = 0;
			defaultConfigurationName = Release;
		};
/* End XCConfigurationList section */

/* Begin XCVersionGroup section */
		8A87111028B28216004F299F /* WordScramble.xcdatamodeld */ = {
			isa = XCVersionGroup;
			children = (
				8A87111128B28216004F299F /* WordScramble.xcdatamodel */,
			);
			currentVersion = 8A87111128B28216004F299F /* WordScramble.xcdatamodel */;
			path = WordScramble.xcdatamodeld;
			sourceTree = "<group>";
			versionGroupType = wrapper.xcdatamodel;
		};
/* End XCVersionGroup section */
	};
	rootObject = 8ADAB26528A5911C0083E028 /* Project object */;
}
